// !$*UTF8*$!
{
	archiveVersion = 1;
	classes = {
	};
	objectVersion = 55;
	objects = {

/* Begin PBXBuildFile section */
		102925DF2937238C00DC9201 /* Notice.storyboard in Resources */ = {isa = PBXBuildFile; fileRef = 102925DE2937238C00DC9201 /* Notice.storyboard */; };
		102925E129372A4F00DC9201 /* SearchRepository.swift in Sources */ = {isa = PBXBuildFile; fileRef = 102925E029372A4F00DC9201 /* SearchRepository.swift */; };
		102925E329372A5B00DC9201 /* SearchModel.swift in Sources */ = {isa = PBXBuildFile; fileRef = 102925E229372A5B00DC9201 /* SearchModel.swift */; };
		102925E52938469100DC9201 /* UserPopUp.storyboard in Resources */ = {isa = PBXBuildFile; fileRef = 102925E42938469100DC9201 /* UserPopUp.storyboard */; };
		102925E72938515A00DC9201 /* UserPopUpViewController.swift in Sources */ = {isa = PBXBuildFile; fileRef = 102925E62938515A00DC9201 /* UserPopUpViewController.swift */; };
		102A367C292D0D9D0062D730 /* Consts.swift in Sources */ = {isa = PBXBuildFile; fileRef = 102A367B292D0D9D0062D730 /* Consts.swift */; };
		102A3687292D129D0062D730 /* LoginRepository.swift in Sources */ = {isa = PBXBuildFile; fileRef = 102A3683292D112C0062D730 /* LoginRepository.swift */; };
		102A3688292D12A10062D730 /* SignupRepository.swift in Sources */ = {isa = PBXBuildFile; fileRef = 102A3682292D112C0062D730 /* SignupRepository.swift */; };
		102A3689292D12A60062D730 /* SignupModel.swift in Sources */ = {isa = PBXBuildFile; fileRef = 102A3685292D11350062D730 /* SignupModel.swift */; };
		102A368A292D12AB0062D730 /* LoginModel.swift in Sources */ = {isa = PBXBuildFile; fileRef = 102A3686292D11350062D730 /* LoginModel.swift */; };
		102A368D292D99D80062D730 /* ProfileEditViewController.swift in Sources */ = {isa = PBXBuildFile; fileRef = 102A368C292D99D80062D730 /* ProfileEditViewController.swift */; };
		102A368F292D9A020062D730 /* ProfileEdit.storyboard in Resources */ = {isa = PBXBuildFile; fileRef = 102A368E292D9A020062D730 /* ProfileEdit.storyboard */; };
		1046F97A2931C94C00053A0C /* ProfileEditRepository.swift in Sources */ = {isa = PBXBuildFile; fileRef = 1046F9792931C94C00053A0C /* ProfileEditRepository.swift */; };
		1046F97D2931CD5A00053A0C /* ProfileCollectionViewCellDelegate .swift in Sources */ = {isa = PBXBuildFile; fileRef = 1046F97C2931CD5A00053A0C /* ProfileCollectionViewCellDelegate .swift */; };
		1050B1BC29349FC3004003FC /* NoticeTableViewCell.swift in Sources */ = {isa = PBXBuildFile; fileRef = 1050B1BA29349FC3004003FC /* NoticeTableViewCell.swift */; };
		1050B1BD29349FC3004003FC /* NoticeTableViewCell.xib in Resources */ = {isa = PBXBuildFile; fileRef = 1050B1BB29349FC3004003FC /* NoticeTableViewCell.xib */; };
		1050B1BF2934A1CC004003FC /* ProfileImageComponent.swift in Sources */ = {isa = PBXBuildFile; fileRef = 1050B1BE2934A1CC004003FC /* ProfileImageComponent.swift */; };
		1050B1C22934A84D004003FC /* FriendsTableViewCell.swift in Sources */ = {isa = PBXBuildFile; fileRef = 1050B1C02934A84D004003FC /* FriendsTableViewCell.swift */; };
		1050B1C52934AE72004003FC /* FriendsTableViewCell.xib in Resources */ = {isa = PBXBuildFile; fileRef = 1050B1C42934A889004003FC /* FriendsTableViewCell.xib */; };
		1050B1C72934B351004003FC /* FriendsModel.swift in Sources */ = {isa = PBXBuildFile; fileRef = 1050B1C62934B351004003FC /* FriendsModel.swift */; };
		1050B1C92934B35C004003FC /* NoticeModel.swift in Sources */ = {isa = PBXBuildFile; fileRef = 1050B1C82934B35C004003FC /* NoticeModel.swift */; };
		1050B1CB2934B36A004003FC /* FriendsRepository.swift in Sources */ = {isa = PBXBuildFile; fileRef = 1050B1CA2934B36A004003FC /* FriendsRepository.swift */; };
		1050B1CD2934B37F004003FC /* NoticeRepository.swift in Sources */ = {isa = PBXBuildFile; fileRef = 1050B1CC2934B37F004003FC /* NoticeRepository.swift */; };
		1050B1CF2934B9DF004003FC /* TapbarController.swift in Sources */ = {isa = PBXBuildFile; fileRef = 1050B1CE2934B9DF004003FC /* TapbarController.swift */; };
		105B96C028FE547500E95B53 /* AppDelegate.swift in Sources */ = {isa = PBXBuildFile; fileRef = 105B96BF28FE547500E95B53 /* AppDelegate.swift */; };
		105B96C228FE547500E95B53 /* SceneDelegate.swift in Sources */ = {isa = PBXBuildFile; fileRef = 105B96C128FE547500E95B53 /* SceneDelegate.swift */; };
		105B96C428FE547500E95B53 /* ViewController.swift in Sources */ = {isa = PBXBuildFile; fileRef = 105B96C328FE547500E95B53 /* ViewController.swift */; };
		105B96C728FE547500E95B53 /* Main.storyboard in Resources */ = {isa = PBXBuildFile; fileRef = 105B96C528FE547500E95B53 /* Main.storyboard */; };
		105B96C928FE547600E95B53 /* Assets.xcassets in Resources */ = {isa = PBXBuildFile; fileRef = 105B96C828FE547600E95B53 /* Assets.xcassets */; };
		105B96CC28FE547600E95B53 /* LaunchScreen.storyboard in Resources */ = {isa = PBXBuildFile; fileRef = 105B96CA28FE547600E95B53 /* LaunchScreen.storyboard */; };
		105B96FC28FE565D00E95B53 /* Friends.storyboard in Resources */ = {isa = PBXBuildFile; fileRef = 105B96FB28FE565D00E95B53 /* Friends.storyboard */; };
		105B96FE28FE567200E95B53 /* FriendsViewController.swift in Sources */ = {isa = PBXBuildFile; fileRef = 105B96FD28FE567200E95B53 /* FriendsViewController.swift */; };
		105B970028FE56E500E95B53 /* Login.storyboard in Resources */ = {isa = PBXBuildFile; fileRef = 105B96FF28FE56E500E95B53 /* Login.storyboard */; };
		105B970228FE56F600E95B53 /* LoginViewController.swift in Sources */ = {isa = PBXBuildFile; fileRef = 105B970128FE56F600E95B53 /* LoginViewController.swift */; };
		105B970428FE570400E95B53 /* Signup.storyboard in Resources */ = {isa = PBXBuildFile; fileRef = 105B970328FE570400E95B53 /* Signup.storyboard */; };
		105B970628FE572400E95B53 /* SignupViewController.swift in Sources */ = {isa = PBXBuildFile; fileRef = 105B970528FE572400E95B53 /* SignupViewController.swift */; };
		105B970828FE577B00E95B53 /* NoticeViewController.swift in Sources */ = {isa = PBXBuildFile; fileRef = 105B970728FE577B00E95B53 /* NoticeViewController.swift */; };
		105B971128FE61D900E95B53 /* TextFieldComponent.swift in Sources */ = {isa = PBXBuildFile; fileRef = 105B971028FE61D900E95B53 /* TextFieldComponent.swift */; };
		105B971528FE62DE00E95B53 /* TextFieldComponent.xib in Resources */ = {isa = PBXBuildFile; fileRef = 105B971428FE62DE00E95B53 /* TextFieldComponent.xib */; };
		105B971A28FE7BCD00E95B53 /* ButtonComponent.swift in Sources */ = {isa = PBXBuildFile; fileRef = 105B971928FE7BCD00E95B53 /* ButtonComponent.swift */; };
		105B971C28FE7BDD00E95B53 /* ButtonComponent.xib in Resources */ = {isa = PBXBuildFile; fileRef = 105B971B28FE7BDD00E95B53 /* ButtonComponent.xib */; };
		108944F229320AEC008991B2 /* EditProfileModel.swift in Sources */ = {isa = PBXBuildFile; fileRef = 108944F129320AEC008991B2 /* EditProfileModel.swift */; };
		10901430293C7AE500958096 /* ShareViewController.swift in Sources */ = {isa = PBXBuildFile; fileRef = 1090142F293C7AE500958096 /* ShareViewController.swift */; };
		10901433293C7AE500958096 /* MainInterface.storyboard in Resources */ = {isa = PBXBuildFile; fileRef = 10901431293C7AE500958096 /* MainInterface.storyboard */; };
		10901437293C7AE500958096 /* LinkFolderShareExtension.appex in Embed Foundation Extensions */ = {isa = PBXBuildFile; fileRef = 1090142D293C7AE500958096 /* LinkFolderShareExtension.appex */; settings = {ATTRIBUTES = (RemoveHeadersOnCopy, ); }; };
		10901441293C816D00958096 /* MainInterface.storyboard in Resources */ = {isa = PBXBuildFile; fileRef = 10901431293C7AE500958096 /* MainInterface.storyboard */; };
		10901447293D9D3000958096 /* LinkCopyModel.swift in Sources */ = {isa = PBXBuildFile; fileRef = 10901446293D9D3000958096 /* LinkCopyModel.swift */; };
		1090144C293E3CEE00958096 /* FoldersListModel.swift in Sources */ = {isa = PBXBuildFile; fileRef = 1090144B293E3CED00958096 /* FoldersListModel.swift */; };
		1090144E293E3DD300958096 /* FoldersListRepository.swift in Sources */ = {isa = PBXBuildFile; fileRef = 1090144D293E3DD200958096 /* FoldersListRepository.swift */; };
		10901450293E3E0200958096 /* Consts.swift in Sources */ = {isa = PBXBuildFile; fileRef = 1090144F293E3E0200958096 /* Consts.swift */; };
		10901454293F102200958096 /* Folder.png in Resources */ = {isa = PBXBuildFile; fileRef = 10901453293F102200958096 /* Folder.png */; };
		10901456293F10B400958096 /* addFolder.png in Resources */ = {isa = PBXBuildFile; fileRef = 10901455293F10B400958096 /* addFolder.png */; };
		1090145A293F35AD00958096 /*  ViewComponent.swift in Sources */ = {isa = PBXBuildFile; fileRef = 10901459293F35AC00958096 /*  ViewComponent.swift */; };
		1090145B293F40F500958096 /* Assets.xcassets in Resources */ = {isa = PBXBuildFile; fileRef = 105B96C828FE547600E95B53 /* Assets.xcassets */; };
		290D43F8293C805A004E2D30 /* ShareFolderUserPopUp.storyboard in Resources */ = {isa = PBXBuildFile; fileRef = 290D43F7293C805A004E2D30 /* ShareFolderUserPopUp.storyboard */; };
		290D43FC293CC38C004E2D30 /* ShareLinkUserPopUpViewController.swift in Sources */ = {isa = PBXBuildFile; fileRef = 290D43FB293CC38C004E2D30 /* ShareLinkUserPopUpViewController.swift */; };
		290D43FE293CC3C5004E2D30 /* ShareLinkUserPopUp.storyboard in Resources */ = {isa = PBXBuildFile; fileRef = 290D43FD293CC3C5004E2D30 /* ShareLinkUserPopUp.storyboard */; };
		290D4400293DB780004E2D30 /* ChooseFolder.storyboard in Resources */ = {isa = PBXBuildFile; fileRef = 290D43FF293DB780004E2D30 /* ChooseFolder.storyboard */; };
		290D4402293DB79B004E2D30 /* ChooseFolderViewController.swift in Sources */ = {isa = PBXBuildFile; fileRef = 290D4401293DB79A004E2D30 /* ChooseFolderViewController.swift */; };
		290DA77E293C776F00A952CC /* ShareFolderUserPopUpViewController.swift in Sources */ = {isa = PBXBuildFile; fileRef = 290DA77D293C776F00A952CC /* ShareFolderUserPopUpViewController.swift */; };
		290E12E02918D19600823E82 /* ShowFolderMorePopUp.storyboard in Resources */ = {isa = PBXBuildFile; fileRef = 290E12DF2918D19600823E82 /* ShowFolderMorePopUp.storyboard */; };
		290E12E22918D7FE00823E82 /* ChangeFolderNamePopUp.storyboard in Resources */ = {isa = PBXBuildFile; fileRef = 290E12E12918D7FE00823E82 /* ChangeFolderNamePopUp.storyboard */; };
		290E12E42918DCC700823E82 /* AddLink.storyboard in Resources */ = {isa = PBXBuildFile; fileRef = 290E12E32918DCC700823E82 /* AddLink.storyboard */; };
		290E12E62918DCE200823E82 /* EditLink.storyboard in Resources */ = {isa = PBXBuildFile; fileRef = 290E12E52918DCE200823E82 /* EditLink.storyboard */; };
		291097632910E1FE00FAA8AB /* AddFolderPopUpViewController.swift in Sources */ = {isa = PBXBuildFile; fileRef = 291097622910E1FE00FAA8AB /* AddFolderPopUpViewController.swift */; };
		291CC3382911275C004592E4 /* Home.storyboard in Resources */ = {isa = PBXBuildFile; fileRef = 291CC3362911275C004592E4 /* Home.storyboard */; };
		291CC3392911275C004592E4 /* HomeViewController.swift in Sources */ = {isa = PBXBuildFile; fileRef = 291CC3372911275C004592E4 /* HomeViewController.swift */; };
		29350E4F292D1C7C00E8D04A /* FoldersListModel.swift in Sources */ = {isa = PBXBuildFile; fileRef = 29350E4E292D1C7C00E8D04A /* FoldersListModel.swift */; };
		29350E51292D1CB100E8D04A /* FoldersListRepository.swift in Sources */ = {isa = PBXBuildFile; fileRef = 29350E50292D1CB100E8D04A /* FoldersListRepository.swift */; };
		29350E53292D362700E8D04A /* AddFolderRepository.swift in Sources */ = {isa = PBXBuildFile; fileRef = 29350E52292D362700E8D04A /* AddFolderRepository.swift */; };
		29350E55292D36AB00E8D04A /* AddFolderModel.swift in Sources */ = {isa = PBXBuildFile; fileRef = 29350E54292D36AB00E8D04A /* AddFolderModel.swift */; };
		29350E57292D4BF900E8D04A /* FolderNameModifyModel.swift in Sources */ = {isa = PBXBuildFile; fileRef = 29350E56292D4BF900E8D04A /* FolderNameModifyModel.swift */; };
		29350E59292D4C8100E8D04A /* FolderNameModifyRepository.swift in Sources */ = {isa = PBXBuildFile; fileRef = 29350E58292D4C8100E8D04A /* FolderNameModifyRepository.swift */; };
		29350E5B292D5FB500E8D04A /* FolderDeleteModel.swift in Sources */ = {isa = PBXBuildFile; fileRef = 29350E5A292D5FB500E8D04A /* FolderDeleteModel.swift */; };
		29350E5D292D604000E8D04A /* FolderDeleteRepository.swift in Sources */ = {isa = PBXBuildFile; fileRef = 29350E5C292D604000E8D04A /* FolderDeleteRepository.swift */; };
		29350E67293239AF00E8D04A /* AddLinkRepository.swift in Sources */ = {isa = PBXBuildFile; fileRef = 29350E66293239AF00E8D04A /* AddLinkRepository.swift */; };
		29350E69293239E800E8D04A /* LinkListRepository.swift in Sources */ = {isa = PBXBuildFile; fileRef = 29350E68293239E800E8D04A /* LinkListRepository.swift */; };
		29350E6B29323A0100E8D04A /* LinkListModel.swift in Sources */ = {isa = PBXBuildFile; fileRef = 29350E6A29323A0100E8D04A /* LinkListModel.swift */; };
		29350E6D29323A0E00E8D04A /* AddLinkModel.swift in Sources */ = {isa = PBXBuildFile; fileRef = 29350E6C29323A0E00E8D04A /* AddLinkModel.swift */; };
		29350E6F293240A700E8D04A /* LinkModifyModel.swift in Sources */ = {isa = PBXBuildFile; fileRef = 29350E6E293240A700E8D04A /* LinkModifyModel.swift */; };
		29350E712932410400E8D04A /* LinkModifyRepository.swift in Sources */ = {isa = PBXBuildFile; fileRef = 29350E702932410400E8D04A /* LinkModifyRepository.swift */; };
		29350E7529324CCD00E8D04A /* LinkDeleteModel.swift in Sources */ = {isa = PBXBuildFile; fileRef = 29350E7429324CCD00E8D04A /* LinkDeleteModel.swift */; };
		29350E7729324D0800E8D04A /* LinkDeleteRepository.swift in Sources */ = {isa = PBXBuildFile; fileRef = 29350E7629324D0800E8D04A /* LinkDeleteRepository.swift */; };
		293F11DC29179E6900052456 /* ShareFolder.storyboard in Resources */ = {isa = PBXBuildFile; fileRef = 293F11DB29179E6900052456 /* ShareFolder.storyboard */; };
		293F11DE29179EC700052456 /* LinkList.storyboard in Resources */ = {isa = PBXBuildFile; fileRef = 293F11DD29179EC700052456 /* LinkList.storyboard */; };
		2947E0A4293E71F8002F7116 /* AddFolderRepository.swift in Sources */ = {isa = PBXBuildFile; fileRef = 2947E0A3293E71F8002F7116 /* AddFolderRepository.swift */; };
		2951A07B293DC63E005072D9 /* NoticeDeleteRepository.swift in Sources */ = {isa = PBXBuildFile; fileRef = 2951A07A293DC63E005072D9 /* NoticeDeleteRepository.swift */; };
		2951A07E293DC6CF005072D9 /* AlertDeleteModel.swift in Sources */ = {isa = PBXBuildFile; fileRef = 2951A07D293DC6CF005072D9 /* AlertDeleteModel.swift */; };
		29636AD8293C387100E4D043 /* LinkCopyRepository.swift in Sources */ = {isa = PBXBuildFile; fileRef = 29636AD7293C387100E4D043 /* LinkCopyRepository.swift */; };
		29636ADA293C387D00E4D043 /* FolderCopyRepository.swift in Sources */ = {isa = PBXBuildFile; fileRef = 29636AD9293C387D00E4D043 /* FolderCopyRepository.swift */; };
		29636ADC293C399400E4D043 /* FolderCopyModel.swift in Sources */ = {isa = PBXBuildFile; fileRef = 29636ADB293C399400E4D043 /* FolderCopyModel.swift */; };
		29636ADE293C47AB00E4D043 /* ShareAlertSendRepository.swift in Sources */ = {isa = PBXBuildFile; fileRef = 29636ADD293C47AB00E4D043 /* ShareAlertSendRepository.swift */; };
		29636AE0293C48D400E4D043 /* ShareAlertSendModel.swift in Sources */ = {isa = PBXBuildFile; fileRef = 29636ADF293C48D400E4D043 /* ShareAlertSendModel.swift */; };
		2964F6192918E66B0088D867 /* ShowLinkMorePopUp.storyboard in Resources */ = {isa = PBXBuildFile; fileRef = 2964F6182918E66B0088D867 /* ShowLinkMorePopUp.storyboard */; };
		2964F61B2918E6F00088D867 /* ShareLink.storyboard in Resources */ = {isa = PBXBuildFile; fileRef = 2964F61A2918E6F00088D867 /* ShareLink.storyboard */; };
		2964F61F2918EA560088D867 /* ShareLinkViewController.swift in Sources */ = {isa = PBXBuildFile; fileRef = 2964F61E2918EA560088D867 /* ShareLinkViewController.swift */; };
		2964F6212918EC500088D867 /* AddLinkFolder.storyboard in Resources */ = {isa = PBXBuildFile; fileRef = 2964F6202918EC500088D867 /* AddLinkFolder.storyboard */; };
		29658D1F2910A07700DFA491 /* Pretendard-Regular.otf in Resources */ = {isa = PBXBuildFile; fileRef = 29658D162910A07700DFA491 /* Pretendard-Regular.otf */; };
		29658D202910A07700DFA491 /* Pretendard-Black.otf in Resources */ = {isa = PBXBuildFile; fileRef = 29658D172910A07700DFA491 /* Pretendard-Black.otf */; };
		29658D212910A07700DFA491 /* Pretendard-Medium.otf in Resources */ = {isa = PBXBuildFile; fileRef = 29658D182910A07700DFA491 /* Pretendard-Medium.otf */; };
		29658D222910A07700DFA491 /* Pretendard-Light.otf in Resources */ = {isa = PBXBuildFile; fileRef = 29658D192910A07700DFA491 /* Pretendard-Light.otf */; };
		29658D232910A07700DFA491 /* Pretendard-ExtraBold.otf in Resources */ = {isa = PBXBuildFile; fileRef = 29658D1A2910A07700DFA491 /* Pretendard-ExtraBold.otf */; };
		29658D242910A07700DFA491 /* Pretendard-Bold.otf in Resources */ = {isa = PBXBuildFile; fileRef = 29658D1B2910A07700DFA491 /* Pretendard-Bold.otf */; };
		29658D252910A07700DFA491 /* Pretendard-Thin.otf in Resources */ = {isa = PBXBuildFile; fileRef = 29658D1C2910A07700DFA491 /* Pretendard-Thin.otf */; };
		29658D262910A07700DFA491 /* Pretendard-ExtraLight.otf in Resources */ = {isa = PBXBuildFile; fileRef = 29658D1D2910A07700DFA491 /* Pretendard-ExtraLight.otf */; };
		29658D272910A07700DFA491 /* Pretendard-SemiBold.otf in Resources */ = {isa = PBXBuildFile; fileRef = 29658D1E2910A07700DFA491 /* Pretendard-SemiBold.otf */; };
		29658D302910A20700DFA491 /* ProfileCollectionViewCell.xib in Resources */ = {isa = PBXBuildFile; fileRef = 29658D292910A20700DFA491 /* ProfileCollectionViewCell.xib */; };
		29658D312910A20700DFA491 /* ProfileCollectionViewCell.swift in Sources */ = {isa = PBXBuildFile; fileRef = 29658D2A2910A20700DFA491 /* ProfileCollectionViewCell.swift */; };
		29658D322910A20700DFA491 /* FolderCollectionViewCell.xib in Resources */ = {isa = PBXBuildFile; fileRef = 29658D2B2910A20700DFA491 /* FolderCollectionViewCell.xib */; };
		29658D332910A20700DFA491 /* CustomCollectionViewFlowLayout.swift in Sources */ = {isa = PBXBuildFile; fileRef = 29658D2C2910A20700DFA491 /* CustomCollectionViewFlowLayout.swift */; };
		29658D342910A20700DFA491 /* LinkListTableViewCell.xib in Resources */ = {isa = PBXBuildFile; fileRef = 29658D2D2910A20700DFA491 /* LinkListTableViewCell.xib */; };
		29658D352910A20700DFA491 /* LinkListTableViewCell.swift in Sources */ = {isa = PBXBuildFile; fileRef = 29658D2E2910A20700DFA491 /* LinkListTableViewCell.swift */; };
		29658D362910A20700DFA491 /* FolderCollectionViewCell.swift in Sources */ = {isa = PBXBuildFile; fileRef = 29658D2F2910A20700DFA491 /* FolderCollectionViewCell.swift */; };
		29658D3F2910A21B00DFA491 /* AddLinkViewController.swift in Sources */ = {isa = PBXBuildFile; fileRef = 29658D382910A21A00DFA491 /* AddLinkViewController.swift */; };
		29658D412910A21B00DFA491 /* EditLinkViewController.swift in Sources */ = {isa = PBXBuildFile; fileRef = 29658D3A2910A21A00DFA491 /* EditLinkViewController.swift */; };
		29658D422910A21B00DFA491 /* ShareFolderViewController.swift in Sources */ = {isa = PBXBuildFile; fileRef = 29658D3B2910A21A00DFA491 /* ShareFolderViewController.swift */; };
		298E42C52910ED25002EA69B /* ShareFolderTableViewCell.swift in Sources */ = {isa = PBXBuildFile; fileRef = 298E42C32910ED25002EA69B /* ShareFolderTableViewCell.swift */; };
		298E42C62910ED25002EA69B /* ShareFolderTableViewCell.xib in Resources */ = {isa = PBXBuildFile; fileRef = 298E42C42910ED25002EA69B /* ShareFolderTableViewCell.xib */; };
		298E42C82910F27B002EA69B /* LinkListViewController.swift in Sources */ = {isa = PBXBuildFile; fileRef = 298E42C72910F27B002EA69B /* LinkListViewController.swift */; };
		298E42CD2910F62B002EA69B /* ShowFolderMorePopUpViewController.swift in Sources */ = {isa = PBXBuildFile; fileRef = 298E42CC2910F62B002EA69B /* ShowFolderMorePopUpViewController.swift */; };
		298E42CF2910F68F002EA69B /* ChangeFolderNameViewController.swift in Sources */ = {isa = PBXBuildFile; fileRef = 298E42CE2910F68F002EA69B /* ChangeFolderNameViewController.swift */; };
		29AEC4D3293EC8990049BAEC /* AddLinkFolder.storyboard in Resources */ = {isa = PBXBuildFile; fileRef = 29AEC4D2293EC8990049BAEC /* AddLinkFolder.storyboard */; };
		29CBFCBB291166DC003B0D3F /* ShowLinkMorePopUpViewController.swift in Sources */ = {isa = PBXBuildFile; fileRef = 29CBFCBA291166DC003B0D3F /* ShowLinkMorePopUpViewController.swift */; };
		29E4287C293E72670046040F /* AddFolderModel.swift in Sources */ = {isa = PBXBuildFile; fileRef = 29E4287B293E72670046040F /* AddFolderModel.swift */; };
		29E4287F293E728F0046040F /* FolderCollectionViewCell.swift in Sources */ = {isa = PBXBuildFile; fileRef = 29E4287D293E728F0046040F /* FolderCollectionViewCell.swift */; };
		29E42880293E728F0046040F /* FolderCollectionViewCell.xib in Resources */ = {isa = PBXBuildFile; fileRef = 29E4287E293E728F0046040F /* FolderCollectionViewCell.xib */; };
		29E42882293E73030046040F /* AddFolderPopUpViewController.swift in Sources */ = {isa = PBXBuildFile; fileRef = 29E42881293E73030046040F /* AddFolderPopUpViewController.swift */; };
		29E42885293E74110046040F /* AddLinkViewController.swift in Sources */ = {isa = PBXBuildFile; fileRef = 29E42884293E74110046040F /* AddLinkViewController.swift */; };
		29E42887293E74770046040F /* AddLinkModel.swift in Sources */ = {isa = PBXBuildFile; fileRef = 29E42886293E74770046040F /* AddLinkModel.swift */; };
		29E42889293E74AC0046040F /* AddLinkRepository.swift in Sources */ = {isa = PBXBuildFile; fileRef = 29E42888293E74AC0046040F /* AddLinkRepository.swift */; };
		29E4288B293E75400046040F /* AddLink.storyboard in Resources */ = {isa = PBXBuildFile; fileRef = 29E4288A293E75400046040F /* AddLink.storyboard */; };
		3F1D4AB69DC3272FB141108B /* libPods-LinkFolder.a in Frameworks */ = {isa = PBXBuildFile; fileRef = C9B29EE49EC0AD6046B5B53C /* libPods-LinkFolder.a */; };
		FB95931324422734746AA2E9 /* libPods-LinkFolderShareExtension.a in Frameworks */ = {isa = PBXBuildFile; fileRef = C7ADCEA4E07B2FED88F714A0 /* libPods-LinkFolderShareExtension.a */; };
/* End PBXBuildFile section */

/* Begin PBXContainerItemProxy section */
		10901435293C7AE500958096 /* PBXContainerItemProxy */ = {
			isa = PBXContainerItemProxy;
			containerPortal = 105B96B428FE547500E95B53 /* Project object */;
			proxyType = 1;
			remoteGlobalIDString = 1090142C293C7AE500958096;
			remoteInfo = LinkFolderShareExtension;
		};
/* End PBXContainerItemProxy section */

/* Begin PBXCopyFilesBuildPhase section */
		10901438293C7AE500958096 /* Embed Foundation Extensions */ = {
			isa = PBXCopyFilesBuildPhase;
			buildActionMask = 2147483647;
			dstPath = "";
			dstSubfolderSpec = 13;
			files = (
				10901437293C7AE500958096 /* LinkFolderShareExtension.appex in Embed Foundation Extensions */,
			);
			name = "Embed Foundation Extensions";
			runOnlyForDeploymentPostprocessing = 0;
		};
/* End PBXCopyFilesBuildPhase section */

/* Begin PBXFileReference section */
		102925DE2937238C00DC9201 /* Notice.storyboard */ = {isa = PBXFileReference; fileEncoding = 4; lastKnownFileType = file.storyboard; name = Notice.storyboard; path = ../../LinkFolder/Notice/Notice.storyboard; sourceTree = "<group>"; };
		102925E029372A4F00DC9201 /* SearchRepository.swift */ = {isa = PBXFileReference; lastKnownFileType = sourcecode.swift; path = SearchRepository.swift; sourceTree = "<group>"; };
		102925E229372A5B00DC9201 /* SearchModel.swift */ = {isa = PBXFileReference; lastKnownFileType = sourcecode.swift; path = SearchModel.swift; sourceTree = "<group>"; };
		102925E42938469100DC9201 /* UserPopUp.storyboard */ = {isa = PBXFileReference; lastKnownFileType = file.storyboard; path = UserPopUp.storyboard; sourceTree = "<group>"; };
		102925E62938515A00DC9201 /* UserPopUpViewController.swift */ = {isa = PBXFileReference; lastKnownFileType = sourcecode.swift; path = UserPopUpViewController.swift; sourceTree = "<group>"; };
		102A367B292D0D9D0062D730 /* Consts.swift */ = {isa = PBXFileReference; lastKnownFileType = sourcecode.swift; path = Consts.swift; sourceTree = "<group>"; };
		102A3682292D112C0062D730 /* SignupRepository.swift */ = {isa = PBXFileReference; lastKnownFileType = sourcecode.swift; path = SignupRepository.swift; sourceTree = "<group>"; };
		102A3683292D112C0062D730 /* LoginRepository.swift */ = {isa = PBXFileReference; lastKnownFileType = sourcecode.swift; path = LoginRepository.swift; sourceTree = "<group>"; };
		102A3685292D11350062D730 /* SignupModel.swift */ = {isa = PBXFileReference; lastKnownFileType = sourcecode.swift; path = SignupModel.swift; sourceTree = "<group>"; };
		102A3686292D11350062D730 /* LoginModel.swift */ = {isa = PBXFileReference; lastKnownFileType = sourcecode.swift; path = LoginModel.swift; sourceTree = "<group>"; };
		102A368C292D99D80062D730 /* ProfileEditViewController.swift */ = {isa = PBXFileReference; lastKnownFileType = sourcecode.swift; path = ProfileEditViewController.swift; sourceTree = "<group>"; };
		102A368E292D9A020062D730 /* ProfileEdit.storyboard */ = {isa = PBXFileReference; lastKnownFileType = file.storyboard; path = ProfileEdit.storyboard; sourceTree = "<group>"; };
		1046F9792931C94C00053A0C /* ProfileEditRepository.swift */ = {isa = PBXFileReference; lastKnownFileType = sourcecode.swift; path = ProfileEditRepository.swift; sourceTree = "<group>"; };
		1046F97C2931CD5A00053A0C /* ProfileCollectionViewCellDelegate .swift */ = {isa = PBXFileReference; lastKnownFileType = sourcecode.swift; path = "ProfileCollectionViewCellDelegate .swift"; sourceTree = "<group>"; };
		1050B1BA29349FC3004003FC /* NoticeTableViewCell.swift */ = {isa = PBXFileReference; lastKnownFileType = sourcecode.swift; path = NoticeTableViewCell.swift; sourceTree = "<group>"; };
		1050B1BB29349FC3004003FC /* NoticeTableViewCell.xib */ = {isa = PBXFileReference; lastKnownFileType = file.xib; path = NoticeTableViewCell.xib; sourceTree = "<group>"; };
		1050B1BE2934A1CC004003FC /* ProfileImageComponent.swift */ = {isa = PBXFileReference; lastKnownFileType = sourcecode.swift; path = ProfileImageComponent.swift; sourceTree = "<group>"; };
		1050B1C02934A84D004003FC /* FriendsTableViewCell.swift */ = {isa = PBXFileReference; lastKnownFileType = sourcecode.swift; path = FriendsTableViewCell.swift; sourceTree = "<group>"; };
		1050B1C42934A889004003FC /* FriendsTableViewCell.xib */ = {isa = PBXFileReference; lastKnownFileType = file.xib; path = FriendsTableViewCell.xib; sourceTree = "<group>"; };
		1050B1C62934B351004003FC /* FriendsModel.swift */ = {isa = PBXFileReference; lastKnownFileType = sourcecode.swift; path = FriendsModel.swift; sourceTree = "<group>"; };
		1050B1C82934B35C004003FC /* NoticeModel.swift */ = {isa = PBXFileReference; lastKnownFileType = sourcecode.swift; path = NoticeModel.swift; sourceTree = "<group>"; };
		1050B1CA2934B36A004003FC /* FriendsRepository.swift */ = {isa = PBXFileReference; lastKnownFileType = sourcecode.swift; path = FriendsRepository.swift; sourceTree = "<group>"; };
		1050B1CC2934B37F004003FC /* NoticeRepository.swift */ = {isa = PBXFileReference; lastKnownFileType = sourcecode.swift; path = NoticeRepository.swift; sourceTree = "<group>"; };
		1050B1CE2934B9DF004003FC /* TapbarController.swift */ = {isa = PBXFileReference; lastKnownFileType = sourcecode.swift; path = TapbarController.swift; sourceTree = "<group>"; };
		105B96BC28FE547500E95B53 /* LinkFolder.app */ = {isa = PBXFileReference; explicitFileType = wrapper.application; includeInIndex = 0; path = LinkFolder.app; sourceTree = BUILT_PRODUCTS_DIR; };
		105B96BF28FE547500E95B53 /* AppDelegate.swift */ = {isa = PBXFileReference; lastKnownFileType = sourcecode.swift; path = AppDelegate.swift; sourceTree = "<group>"; };
		105B96C128FE547500E95B53 /* SceneDelegate.swift */ = {isa = PBXFileReference; lastKnownFileType = sourcecode.swift; path = SceneDelegate.swift; sourceTree = "<group>"; };
		105B96C328FE547500E95B53 /* ViewController.swift */ = {isa = PBXFileReference; lastKnownFileType = sourcecode.swift; path = ViewController.swift; sourceTree = "<group>"; };
		105B96C628FE547500E95B53 /* Base */ = {isa = PBXFileReference; lastKnownFileType = file.storyboard; name = Base; path = Base.lproj/Main.storyboard; sourceTree = "<group>"; };
		105B96C828FE547600E95B53 /* Assets.xcassets */ = {isa = PBXFileReference; lastKnownFileType = folder.assetcatalog; path = Assets.xcassets; sourceTree = "<group>"; };
		105B96CB28FE547600E95B53 /* Base */ = {isa = PBXFileReference; lastKnownFileType = file.storyboard; name = Base; path = Base.lproj/LaunchScreen.storyboard; sourceTree = "<group>"; };
		105B96CD28FE547600E95B53 /* Info.plist */ = {isa = PBXFileReference; lastKnownFileType = text.plist.xml; path = Info.plist; sourceTree = "<group>"; };
		105B96FB28FE565D00E95B53 /* Friends.storyboard */ = {isa = PBXFileReference; lastKnownFileType = file.storyboard; path = Friends.storyboard; sourceTree = "<group>"; };
		105B96FD28FE567200E95B53 /* FriendsViewController.swift */ = {isa = PBXFileReference; lastKnownFileType = sourcecode.swift; path = FriendsViewController.swift; sourceTree = "<group>"; };
		105B96FF28FE56E500E95B53 /* Login.storyboard */ = {isa = PBXFileReference; lastKnownFileType = file.storyboard; path = Login.storyboard; sourceTree = "<group>"; };
		105B970128FE56F600E95B53 /* LoginViewController.swift */ = {isa = PBXFileReference; lastKnownFileType = sourcecode.swift; path = LoginViewController.swift; sourceTree = "<group>"; };
		105B970328FE570400E95B53 /* Signup.storyboard */ = {isa = PBXFileReference; lastKnownFileType = file.storyboard; path = Signup.storyboard; sourceTree = "<group>"; };
		105B970528FE572400E95B53 /* SignupViewController.swift */ = {isa = PBXFileReference; lastKnownFileType = sourcecode.swift; path = SignupViewController.swift; sourceTree = "<group>"; };
		105B970728FE577B00E95B53 /* NoticeViewController.swift */ = {isa = PBXFileReference; lastKnownFileType = sourcecode.swift; path = NoticeViewController.swift; sourceTree = "<group>"; };
		105B971028FE61D900E95B53 /* TextFieldComponent.swift */ = {isa = PBXFileReference; lastKnownFileType = sourcecode.swift; path = TextFieldComponent.swift; sourceTree = "<group>"; };
		105B971428FE62DE00E95B53 /* TextFieldComponent.xib */ = {isa = PBXFileReference; lastKnownFileType = file.xib; path = TextFieldComponent.xib; sourceTree = "<group>"; };
		105B971928FE7BCD00E95B53 /* ButtonComponent.swift */ = {isa = PBXFileReference; lastKnownFileType = sourcecode.swift; path = ButtonComponent.swift; sourceTree = "<group>"; };
		105B971B28FE7BDD00E95B53 /* ButtonComponent.xib */ = {isa = PBXFileReference; lastKnownFileType = file.xib; path = ButtonComponent.xib; sourceTree = "<group>"; };
		108944F129320AEC008991B2 /* EditProfileModel.swift */ = {isa = PBXFileReference; lastKnownFileType = sourcecode.swift; path = EditProfileModel.swift; sourceTree = "<group>"; };
		1090142D293C7AE500958096 /* LinkFolderShareExtension.appex */ = {isa = PBXFileReference; explicitFileType = "wrapper.app-extension"; includeInIndex = 0; path = LinkFolderShareExtension.appex; sourceTree = BUILT_PRODUCTS_DIR; };
		1090142F293C7AE500958096 /* ShareViewController.swift */ = {isa = PBXFileReference; lastKnownFileType = sourcecode.swift; path = ShareViewController.swift; sourceTree = "<group>"; };
		10901432293C7AE500958096 /* Base */ = {isa = PBXFileReference; lastKnownFileType = file.storyboard; name = Base; path = Base.lproj/MainInterface.storyboard; sourceTree = "<group>"; };
		10901434293C7AE500958096 /* Info.plist */ = {isa = PBXFileReference; lastKnownFileType = text.plist.xml; path = Info.plist; sourceTree = "<group>"; };
		1090143C293C7C8400958096 /* LinkFolder.entitlements */ = {isa = PBXFileReference; lastKnownFileType = text.plist.entitlements; path = LinkFolder.entitlements; sourceTree = "<group>"; };
		1090143D293C7CCE00958096 /* LinkFolderShareExtension.entitlements */ = {isa = PBXFileReference; lastKnownFileType = text.plist.entitlements; path = LinkFolderShareExtension.entitlements; sourceTree = "<group>"; };
		10901446293D9D3000958096 /* LinkCopyModel.swift */ = {isa = PBXFileReference; lastKnownFileType = sourcecode.swift; path = LinkCopyModel.swift; sourceTree = "<group>"; };
		1090144B293E3CED00958096 /* FoldersListModel.swift */ = {isa = PBXFileReference; lastKnownFileType = sourcecode.swift; path = FoldersListModel.swift; sourceTree = "<group>"; };
		1090144D293E3DD200958096 /* FoldersListRepository.swift */ = {isa = PBXFileReference; lastKnownFileType = sourcecode.swift; path = FoldersListRepository.swift; sourceTree = "<group>"; };
		1090144F293E3E0200958096 /* Consts.swift */ = {isa = PBXFileReference; lastKnownFileType = sourcecode.swift; path = Consts.swift; sourceTree = "<group>"; };
		10901453293F102200958096 /* Folder.png */ = {isa = PBXFileReference; lastKnownFileType = image.png; path = Folder.png; sourceTree = "<group>"; };
		10901455293F10B400958096 /* addFolder.png */ = {isa = PBXFileReference; lastKnownFileType = image.png; path = addFolder.png; sourceTree = "<group>"; };
		10901459293F35AC00958096 /*  ViewComponent.swift */ = {isa = PBXFileReference; lastKnownFileType = sourcecode.swift; path = " ViewComponent.swift"; sourceTree = "<group>"; };
		1D2B43758504AC387214F311 /* Pods-LinkFolder.release.xcconfig */ = {isa = PBXFileReference; includeInIndex = 1; lastKnownFileType = text.xcconfig; name = "Pods-LinkFolder.release.xcconfig"; path = "Target Support Files/Pods-LinkFolder/Pods-LinkFolder.release.xcconfig"; sourceTree = "<group>"; };
		290D43F7293C805A004E2D30 /* ShareFolderUserPopUp.storyboard */ = {isa = PBXFileReference; lastKnownFileType = file.storyboard; path = ShareFolderUserPopUp.storyboard; sourceTree = "<group>"; };
		290D43FB293CC38C004E2D30 /* ShareLinkUserPopUpViewController.swift */ = {isa = PBXFileReference; lastKnownFileType = sourcecode.swift; path = ShareLinkUserPopUpViewController.swift; sourceTree = "<group>"; };
		290D43FD293CC3C5004E2D30 /* ShareLinkUserPopUp.storyboard */ = {isa = PBXFileReference; lastKnownFileType = file.storyboard; path = ShareLinkUserPopUp.storyboard; sourceTree = "<group>"; };
		290D43FF293DB780004E2D30 /* ChooseFolder.storyboard */ = {isa = PBXFileReference; lastKnownFileType = file.storyboard; path = ChooseFolder.storyboard; sourceTree = "<group>"; };
		290D4401293DB79A004E2D30 /* ChooseFolderViewController.swift */ = {isa = PBXFileReference; lastKnownFileType = sourcecode.swift; path = ChooseFolderViewController.swift; sourceTree = "<group>"; };
		290DA77D293C776F00A952CC /* ShareFolderUserPopUpViewController.swift */ = {isa = PBXFileReference; lastKnownFileType = sourcecode.swift; path = ShareFolderUserPopUpViewController.swift; sourceTree = "<group>"; };
		290E12DF2918D19600823E82 /* ShowFolderMorePopUp.storyboard */ = {isa = PBXFileReference; lastKnownFileType = file.storyboard; path = ShowFolderMorePopUp.storyboard; sourceTree = "<group>"; };
		290E12E12918D7FE00823E82 /* ChangeFolderNamePopUp.storyboard */ = {isa = PBXFileReference; lastKnownFileType = file.storyboard; path = ChangeFolderNamePopUp.storyboard; sourceTree = "<group>"; };
		290E12E32918DCC700823E82 /* AddLink.storyboard */ = {isa = PBXFileReference; lastKnownFileType = file.storyboard; path = AddLink.storyboard; sourceTree = "<group>"; };
		290E12E52918DCE200823E82 /* EditLink.storyboard */ = {isa = PBXFileReference; lastKnownFileType = file.storyboard; path = EditLink.storyboard; sourceTree = "<group>"; };
		291097622910E1FE00FAA8AB /* AddFolderPopUpViewController.swift */ = {isa = PBXFileReference; lastKnownFileType = sourcecode.swift; path = AddFolderPopUpViewController.swift; sourceTree = "<group>"; };
		291CC3362911275C004592E4 /* Home.storyboard */ = {isa = PBXFileReference; fileEncoding = 4; lastKnownFileType = file.storyboard; path = Home.storyboard; sourceTree = "<group>"; };
		291CC3372911275C004592E4 /* HomeViewController.swift */ = {isa = PBXFileReference; fileEncoding = 4; lastKnownFileType = sourcecode.swift; path = HomeViewController.swift; sourceTree = "<group>"; };
		29350E4E292D1C7C00E8D04A /* FoldersListModel.swift */ = {isa = PBXFileReference; lastKnownFileType = sourcecode.swift; path = FoldersListModel.swift; sourceTree = "<group>"; };
		29350E50292D1CB100E8D04A /* FoldersListRepository.swift */ = {isa = PBXFileReference; lastKnownFileType = sourcecode.swift; path = FoldersListRepository.swift; sourceTree = "<group>"; };
		29350E52292D362700E8D04A /* AddFolderRepository.swift */ = {isa = PBXFileReference; lastKnownFileType = sourcecode.swift; path = AddFolderRepository.swift; sourceTree = "<group>"; };
		29350E54292D36AB00E8D04A /* AddFolderModel.swift */ = {isa = PBXFileReference; lastKnownFileType = sourcecode.swift; path = AddFolderModel.swift; sourceTree = "<group>"; };
		29350E56292D4BF900E8D04A /* FolderNameModifyModel.swift */ = {isa = PBXFileReference; lastKnownFileType = sourcecode.swift; path = FolderNameModifyModel.swift; sourceTree = "<group>"; };
		29350E58292D4C8100E8D04A /* FolderNameModifyRepository.swift */ = {isa = PBXFileReference; lastKnownFileType = sourcecode.swift; path = FolderNameModifyRepository.swift; sourceTree = "<group>"; };
		29350E5A292D5FB500E8D04A /* FolderDeleteModel.swift */ = {isa = PBXFileReference; lastKnownFileType = sourcecode.swift; path = FolderDeleteModel.swift; sourceTree = "<group>"; };
		29350E5C292D604000E8D04A /* FolderDeleteRepository.swift */ = {isa = PBXFileReference; lastKnownFileType = sourcecode.swift; path = FolderDeleteRepository.swift; sourceTree = "<group>"; };
		29350E66293239AF00E8D04A /* AddLinkRepository.swift */ = {isa = PBXFileReference; lastKnownFileType = sourcecode.swift; path = AddLinkRepository.swift; sourceTree = "<group>"; };
		29350E68293239E800E8D04A /* LinkListRepository.swift */ = {isa = PBXFileReference; lastKnownFileType = sourcecode.swift; path = LinkListRepository.swift; sourceTree = "<group>"; };
		29350E6A29323A0100E8D04A /* LinkListModel.swift */ = {isa = PBXFileReference; lastKnownFileType = sourcecode.swift; path = LinkListModel.swift; sourceTree = "<group>"; };
		29350E6C29323A0E00E8D04A /* AddLinkModel.swift */ = {isa = PBXFileReference; lastKnownFileType = sourcecode.swift; path = AddLinkModel.swift; sourceTree = "<group>"; };
		29350E6E293240A700E8D04A /* LinkModifyModel.swift */ = {isa = PBXFileReference; lastKnownFileType = sourcecode.swift; path = LinkModifyModel.swift; sourceTree = "<group>"; };
		29350E702932410400E8D04A /* LinkModifyRepository.swift */ = {isa = PBXFileReference; lastKnownFileType = sourcecode.swift; path = LinkModifyRepository.swift; sourceTree = "<group>"; };
		29350E7429324CCD00E8D04A /* LinkDeleteModel.swift */ = {isa = PBXFileReference; lastKnownFileType = sourcecode.swift; path = LinkDeleteModel.swift; sourceTree = "<group>"; };
		29350E7629324D0800E8D04A /* LinkDeleteRepository.swift */ = {isa = PBXFileReference; lastKnownFileType = sourcecode.swift; path = LinkDeleteRepository.swift; sourceTree = "<group>"; };
		293F11DB29179E6900052456 /* ShareFolder.storyboard */ = {isa = PBXFileReference; fileEncoding = 4; lastKnownFileType = file.storyboard; path = ShareFolder.storyboard; sourceTree = "<group>"; };
		293F11DD29179EC700052456 /* LinkList.storyboard */ = {isa = PBXFileReference; fileEncoding = 4; lastKnownFileType = file.storyboard; path = LinkList.storyboard; sourceTree = "<group>"; };
		2947E0A3293E71F8002F7116 /* AddFolderRepository.swift */ = {isa = PBXFileReference; lastKnownFileType = sourcecode.swift; path = AddFolderRepository.swift; sourceTree = "<group>"; };
		2951A07A293DC63E005072D9 /* NoticeDeleteRepository.swift */ = {isa = PBXFileReference; lastKnownFileType = sourcecode.swift; path = NoticeDeleteRepository.swift; sourceTree = "<group>"; };
		2951A07D293DC6CF005072D9 /* AlertDeleteModel.swift */ = {isa = PBXFileReference; lastKnownFileType = sourcecode.swift; path = AlertDeleteModel.swift; sourceTree = "<group>"; };
		29636AD7293C387100E4D043 /* LinkCopyRepository.swift */ = {isa = PBXFileReference; lastKnownFileType = sourcecode.swift; path = LinkCopyRepository.swift; sourceTree = "<group>"; };
		29636AD9293C387D00E4D043 /* FolderCopyRepository.swift */ = {isa = PBXFileReference; lastKnownFileType = sourcecode.swift; path = FolderCopyRepository.swift; sourceTree = "<group>"; };
		29636ADB293C399400E4D043 /* FolderCopyModel.swift */ = {isa = PBXFileReference; lastKnownFileType = sourcecode.swift; path = FolderCopyModel.swift; sourceTree = "<group>"; };
		29636ADD293C47AB00E4D043 /* ShareAlertSendRepository.swift */ = {isa = PBXFileReference; lastKnownFileType = sourcecode.swift; path = ShareAlertSendRepository.swift; sourceTree = "<group>"; };
		29636ADF293C48D400E4D043 /* ShareAlertSendModel.swift */ = {isa = PBXFileReference; lastKnownFileType = sourcecode.swift; path = ShareAlertSendModel.swift; sourceTree = "<group>"; };
		2964F6182918E66B0088D867 /* ShowLinkMorePopUp.storyboard */ = {isa = PBXFileReference; lastKnownFileType = file.storyboard; path = ShowLinkMorePopUp.storyboard; sourceTree = "<group>"; };
		2964F61A2918E6F00088D867 /* ShareLink.storyboard */ = {isa = PBXFileReference; lastKnownFileType = file.storyboard; path = ShareLink.storyboard; sourceTree = "<group>"; };
		2964F61E2918EA560088D867 /* ShareLinkViewController.swift */ = {isa = PBXFileReference; lastKnownFileType = sourcecode.swift; path = ShareLinkViewController.swift; sourceTree = "<group>"; };
		2964F6202918EC500088D867 /* AddLinkFolder.storyboard */ = {isa = PBXFileReference; lastKnownFileType = file.storyboard; path = AddLinkFolder.storyboard; sourceTree = "<group>"; };
		29658D162910A07700DFA491 /* Pretendard-Regular.otf */ = {isa = PBXFileReference; lastKnownFileType = file; path = "Pretendard-Regular.otf"; sourceTree = "<group>"; };
		29658D172910A07700DFA491 /* Pretendard-Black.otf */ = {isa = PBXFileReference; lastKnownFileType = file; path = "Pretendard-Black.otf"; sourceTree = "<group>"; };
		29658D182910A07700DFA491 /* Pretendard-Medium.otf */ = {isa = PBXFileReference; lastKnownFileType = file; path = "Pretendard-Medium.otf"; sourceTree = "<group>"; };
		29658D192910A07700DFA491 /* Pretendard-Light.otf */ = {isa = PBXFileReference; lastKnownFileType = file; path = "Pretendard-Light.otf"; sourceTree = "<group>"; };
		29658D1A2910A07700DFA491 /* Pretendard-ExtraBold.otf */ = {isa = PBXFileReference; lastKnownFileType = file; path = "Pretendard-ExtraBold.otf"; sourceTree = "<group>"; };
		29658D1B2910A07700DFA491 /* Pretendard-Bold.otf */ = {isa = PBXFileReference; lastKnownFileType = file; path = "Pretendard-Bold.otf"; sourceTree = "<group>"; };
		29658D1C2910A07700DFA491 /* Pretendard-Thin.otf */ = {isa = PBXFileReference; lastKnownFileType = file; path = "Pretendard-Thin.otf"; sourceTree = "<group>"; };
		29658D1D2910A07700DFA491 /* Pretendard-ExtraLight.otf */ = {isa = PBXFileReference; lastKnownFileType = file; path = "Pretendard-ExtraLight.otf"; sourceTree = "<group>"; };
		29658D1E2910A07700DFA491 /* Pretendard-SemiBold.otf */ = {isa = PBXFileReference; lastKnownFileType = file; path = "Pretendard-SemiBold.otf"; sourceTree = "<group>"; };
		29658D292910A20700DFA491 /* ProfileCollectionViewCell.xib */ = {isa = PBXFileReference; fileEncoding = 4; lastKnownFileType = file.xib; path = ProfileCollectionViewCell.xib; sourceTree = "<group>"; };
		29658D2A2910A20700DFA491 /* ProfileCollectionViewCell.swift */ = {isa = PBXFileReference; fileEncoding = 4; lastKnownFileType = sourcecode.swift; path = ProfileCollectionViewCell.swift; sourceTree = "<group>"; };
		29658D2B2910A20700DFA491 /* FolderCollectionViewCell.xib */ = {isa = PBXFileReference; fileEncoding = 4; lastKnownFileType = file.xib; path = FolderCollectionViewCell.xib; sourceTree = "<group>"; };
		29658D2C2910A20700DFA491 /* CustomCollectionViewFlowLayout.swift */ = {isa = PBXFileReference; fileEncoding = 4; lastKnownFileType = sourcecode.swift; path = CustomCollectionViewFlowLayout.swift; sourceTree = "<group>"; };
		29658D2D2910A20700DFA491 /* LinkListTableViewCell.xib */ = {isa = PBXFileReference; fileEncoding = 4; lastKnownFileType = file.xib; path = LinkListTableViewCell.xib; sourceTree = "<group>"; };
		29658D2E2910A20700DFA491 /* LinkListTableViewCell.swift */ = {isa = PBXFileReference; fileEncoding = 4; lastKnownFileType = sourcecode.swift; path = LinkListTableViewCell.swift; sourceTree = "<group>"; };
		29658D2F2910A20700DFA491 /* FolderCollectionViewCell.swift */ = {isa = PBXFileReference; fileEncoding = 4; lastKnownFileType = sourcecode.swift; path = FolderCollectionViewCell.swift; sourceTree = "<group>"; };
		29658D382910A21A00DFA491 /* AddLinkViewController.swift */ = {isa = PBXFileReference; fileEncoding = 4; lastKnownFileType = sourcecode.swift; path = AddLinkViewController.swift; sourceTree = "<group>"; };
		29658D3A2910A21A00DFA491 /* EditLinkViewController.swift */ = {isa = PBXFileReference; fileEncoding = 4; lastKnownFileType = sourcecode.swift; path = EditLinkViewController.swift; sourceTree = "<group>"; };
		29658D3B2910A21A00DFA491 /* ShareFolderViewController.swift */ = {isa = PBXFileReference; fileEncoding = 4; lastKnownFileType = sourcecode.swift; path = ShareFolderViewController.swift; sourceTree = "<group>"; };
		298E42C32910ED25002EA69B /* ShareFolderTableViewCell.swift */ = {isa = PBXFileReference; lastKnownFileType = sourcecode.swift; path = ShareFolderTableViewCell.swift; sourceTree = "<group>"; };
		298E42C42910ED25002EA69B /* ShareFolderTableViewCell.xib */ = {isa = PBXFileReference; lastKnownFileType = file.xib; path = ShareFolderTableViewCell.xib; sourceTree = "<group>"; };
		298E42C72910F27B002EA69B /* LinkListViewController.swift */ = {isa = PBXFileReference; lastKnownFileType = sourcecode.swift; path = LinkListViewController.swift; sourceTree = "<group>"; };
		298E42CC2910F62B002EA69B /* ShowFolderMorePopUpViewController.swift */ = {isa = PBXFileReference; lastKnownFileType = sourcecode.swift; path = ShowFolderMorePopUpViewController.swift; sourceTree = "<group>"; };
		298E42CE2910F68F002EA69B /* ChangeFolderNameViewController.swift */ = {isa = PBXFileReference; lastKnownFileType = sourcecode.swift; path = ChangeFolderNameViewController.swift; sourceTree = "<group>"; };
		29AEC4D2293EC8990049BAEC /* AddLinkFolder.storyboard */ = {isa = PBXFileReference; lastKnownFileType = file.storyboard; path = AddLinkFolder.storyboard; sourceTree = "<group>"; };
		29CBFCBA291166DC003B0D3F /* ShowLinkMorePopUpViewController.swift */ = {isa = PBXFileReference; lastKnownFileType = sourcecode.swift; path = ShowLinkMorePopUpViewController.swift; sourceTree = "<group>"; };
		29E4287B293E72670046040F /* AddFolderModel.swift */ = {isa = PBXFileReference; lastKnownFileType = sourcecode.swift; path = AddFolderModel.swift; sourceTree = "<group>"; };
		29E4287D293E728F0046040F /* FolderCollectionViewCell.swift */ = {isa = PBXFileReference; lastKnownFileType = sourcecode.swift; path = FolderCollectionViewCell.swift; sourceTree = "<group>"; };
		29E4287E293E728F0046040F /* FolderCollectionViewCell.xib */ = {isa = PBXFileReference; lastKnownFileType = file.xib; path = FolderCollectionViewCell.xib; sourceTree = "<group>"; };
		29E42881293E73030046040F /* AddFolderPopUpViewController.swift */ = {isa = PBXFileReference; lastKnownFileType = sourcecode.swift; path = AddFolderPopUpViewController.swift; sourceTree = "<group>"; };
		29E42884293E74110046040F /* AddLinkViewController.swift */ = {isa = PBXFileReference; lastKnownFileType = sourcecode.swift; path = AddLinkViewController.swift; sourceTree = "<group>"; };
		29E42886293E74770046040F /* AddLinkModel.swift */ = {isa = PBXFileReference; lastKnownFileType = sourcecode.swift; path = AddLinkModel.swift; sourceTree = "<group>"; };
		29E42888293E74AC0046040F /* AddLinkRepository.swift */ = {isa = PBXFileReference; lastKnownFileType = sourcecode.swift; path = AddLinkRepository.swift; sourceTree = "<group>"; };
		29E4288A293E75400046040F /* AddLink.storyboard */ = {isa = PBXFileReference; lastKnownFileType = file.storyboard; path = AddLink.storyboard; sourceTree = "<group>"; };
		5A7DA9320ACA1AD904764689 /* Pods_LinkFolder_LinkFolderUITests.framework */ = {isa = PBXFileReference; explicitFileType = wrapper.framework; includeInIndex = 0; path = Pods_LinkFolder_LinkFolderUITests.framework; sourceTree = BUILT_PRODUCTS_DIR; };
		5AC481525C8AD0FD9F6F64FA /* Pods-LinkFolder.debug.xcconfig */ = {isa = PBXFileReference; includeInIndex = 1; lastKnownFileType = text.xcconfig; name = "Pods-LinkFolder.debug.xcconfig"; path = "Target Support Files/Pods-LinkFolder/Pods-LinkFolder.debug.xcconfig"; sourceTree = "<group>"; };
		A624F824F79FF8951F8B816C /* Pods_LinkFolderTests.framework */ = {isa = PBXFileReference; explicitFileType = wrapper.framework; includeInIndex = 0; path = Pods_LinkFolderTests.framework; sourceTree = BUILT_PRODUCTS_DIR; };
		C7ADCEA4E07B2FED88F714A0 /* libPods-LinkFolderShareExtension.a */ = {isa = PBXFileReference; explicitFileType = archive.ar; includeInIndex = 0; path = "libPods-LinkFolderShareExtension.a"; sourceTree = BUILT_PRODUCTS_DIR; };
		C9B29EE49EC0AD6046B5B53C /* libPods-LinkFolder.a */ = {isa = PBXFileReference; explicitFileType = archive.ar; includeInIndex = 0; path = "libPods-LinkFolder.a"; sourceTree = BUILT_PRODUCTS_DIR; };
		D575F0382B20FCBD8F7750CF /* Pods-LinkFolderShareExtension.debug.xcconfig */ = {isa = PBXFileReference; includeInIndex = 1; lastKnownFileType = text.xcconfig; name = "Pods-LinkFolderShareExtension.debug.xcconfig"; path = "Target Support Files/Pods-LinkFolderShareExtension/Pods-LinkFolderShareExtension.debug.xcconfig"; sourceTree = "<group>"; };
		DD709EE1DEA22DAC425F5EC5 /* Pods-LinkFolderShareExtension.release.xcconfig */ = {isa = PBXFileReference; includeInIndex = 1; lastKnownFileType = text.xcconfig; name = "Pods-LinkFolderShareExtension.release.xcconfig"; path = "Target Support Files/Pods-LinkFolderShareExtension/Pods-LinkFolderShareExtension.release.xcconfig"; sourceTree = "<group>"; };
/* End PBXFileReference section */

/* Begin PBXFrameworksBuildPhase section */
		105B96B928FE547500E95B53 /* Frameworks */ = {
			isa = PBXFrameworksBuildPhase;
			buildActionMask = 2147483647;
			files = (
				3F1D4AB69DC3272FB141108B /* libPods-LinkFolder.a in Frameworks */,
			);
			runOnlyForDeploymentPostprocessing = 0;
		};
		1090142A293C7AE500958096 /* Frameworks */ = {
			isa = PBXFrameworksBuildPhase;
			buildActionMask = 2147483647;
			files = (
				FB95931324422734746AA2E9 /* libPods-LinkFolderShareExtension.a in Frameworks */,
			);
			runOnlyForDeploymentPostprocessing = 0;
		};
/* End PBXFrameworksBuildPhase section */

/* Begin PBXGroup section */
		102A367A292D0D890062D730 /* Consts */ = {
			isa = PBXGroup;
			children = (
				102A367B292D0D9D0062D730 /* Consts.swift */,
			);
			path = Consts;
			sourceTree = "<group>";
		};
		102A3681292D112C0062D730 /* APIServices  */ = {
			isa = PBXGroup;
			children = (
				102A3682292D112C0062D730 /* SignupRepository.swift */,
				102A3683292D112C0062D730 /* LoginRepository.swift */,
				1046F9792931C94C00053A0C /* ProfileEditRepository.swift */,
				1050B1CA2934B36A004003FC /* FriendsRepository.swift */,
				1050B1CC2934B37F004003FC /* NoticeRepository.swift */,
				102925E029372A4F00DC9201 /* SearchRepository.swift */,
			);
			path = "APIServices ";
			sourceTree = "<group>";
		};
		102A3684292D11350062D730 /* Models  */ = {
			isa = PBXGroup;
			children = (
				102A3685292D11350062D730 /* SignupModel.swift */,
				102A3686292D11350062D730 /* LoginModel.swift */,
				108944F129320AEC008991B2 /* EditProfileModel.swift */,
				1050B1C62934B351004003FC /* FriendsModel.swift */,
				1050B1C82934B35C004003FC /* NoticeModel.swift */,
				102925E229372A5B00DC9201 /* SearchModel.swift */,
			);
			path = "Models ";
			sourceTree = "<group>";
		};
		1046F97B2931CD3100053A0C /* Protocols */ = {
			isa = PBXGroup;
			children = (
				1046F97C2931CD5A00053A0C /* ProfileCollectionViewCellDelegate .swift */,
			);
			path = Protocols;
			sourceTree = "<group>";
		};
		1050B1B929349DB0004003FC /* Youngjun */ = {
			isa = PBXGroup;
			children = (
				10AB7B1F2937231C000D6F81 /* Cells */,
				10AB7B1E293722ED000D6F81 /* Storyboards */,
				10AB7B1D293722E0000D6F81 /* VCs */,
				1046F97B2931CD3100053A0C /* Protocols */,
				102A367A292D0D890062D730 /* Consts */,
				29658D152910A07700DFA491 /* Fonts */,
				105B970D28FE5ECF00E95B53 /* Components */,
				102A3681292D112C0062D730 /* APIServices  */,
				102A3684292D11350062D730 /* Models  */,
			);
			path = Youngjun;
			sourceTree = "<group>";
		};
		105B96B328FE547500E95B53 = {
			isa = PBXGroup;
			children = (
				1050B1B929349DB0004003FC /* Youngjun */,
				105B96BE28FE547500E95B53 /* LinkFolder */,
				1090142E293C7AE500958096 /* LinkFolderShareExtension */,
				105B96BD28FE547500E95B53 /* Products */,
				2CDB23B06B33250966777F83 /* Pods */,
				3CE8C84A226844BCE9ED2A3D /* Frameworks */,
			);
			sourceTree = "<group>";
		};
		105B96BD28FE547500E95B53 /* Products */ = {
			isa = PBXGroup;
			children = (
				105B96BC28FE547500E95B53 /* LinkFolder.app */,
				1090142D293C7AE500958096 /* LinkFolderShareExtension.appex */,
			);
			name = Products;
			sourceTree = "<group>";
		};
		105B96BE28FE547500E95B53 /* LinkFolder */ = {
			isa = PBXGroup;
			children = (
				1090143C293C7C8400958096 /* LinkFolder.entitlements */,
				105B96EF28FE54A200E95B53 /* Home */,
				105B96BF28FE547500E95B53 /* AppDelegate.swift */,
				105B96C128FE547500E95B53 /* SceneDelegate.swift */,
				105B96C328FE547500E95B53 /* ViewController.swift */,
				105B96C528FE547500E95B53 /* Main.storyboard */,
				105B96C828FE547600E95B53 /* Assets.xcassets */,
				105B96CA28FE547600E95B53 /* LaunchScreen.storyboard */,
				105B96CD28FE547600E95B53 /* Info.plist */,
			);
			path = LinkFolder;
			sourceTree = "<group>";
		};
		105B96EF28FE54A200E95B53 /* Home */ = {
			isa = PBXGroup;
			children = (
				293F11D529179DB600052456 /* Sources */,
				293F11D429179DB100052456 /* Resources */,
			);
			path = Home;
			sourceTree = "<group>";
		};
		105B970D28FE5ECF00E95B53 /* Components */ = {
			isa = PBXGroup;
			children = (
				105B971028FE61D900E95B53 /* TextFieldComponent.swift */,
				105B971428FE62DE00E95B53 /* TextFieldComponent.xib */,
				105B971928FE7BCD00E95B53 /* ButtonComponent.swift */,
				10901459293F35AC00958096 /*  ViewComponent.swift */,
				105B971B28FE7BDD00E95B53 /* ButtonComponent.xib */,
				1050B1BE2934A1CC004003FC /* ProfileImageComponent.swift */,
				1050B1CE2934B9DF004003FC /* TapbarController.swift */,
			);
			path = Components;
			sourceTree = "<group>";
		};
		1090142E293C7AE500958096 /* LinkFolderShareExtension */ = {
			isa = PBXGroup;
			children = (
				10901453293F102200958096 /* Folder.png */,
				10901455293F10B400958096 /* addFolder.png */,
				1090144F293E3E0200958096 /* Consts.swift */,
				29E42886293E74770046040F /* AddLinkModel.swift */,
				2947E0A3293E71F8002F7116 /* AddFolderRepository.swift */,
				29E42888293E74AC0046040F /* AddLinkRepository.swift */,
				29E4288A293E75400046040F /* AddLink.storyboard */,
				29AEC4D2293EC8990049BAEC /* AddLinkFolder.storyboard */,
				29E4287B293E72670046040F /* AddFolderModel.swift */,
				29E42884293E74110046040F /* AddLinkViewController.swift */,
				29E4287D293E728F0046040F /* FolderCollectionViewCell.swift */,
				29E42881293E73030046040F /* AddFolderPopUpViewController.swift */,
				29E4287E293E728F0046040F /* FolderCollectionViewCell.xib */,
				1090144D293E3DD200958096 /* FoldersListRepository.swift */,
				1090144B293E3CED00958096 /* FoldersListModel.swift */,
				1090143D293C7CCE00958096 /* LinkFolderShareExtension.entitlements */,
				1090142F293C7AE500958096 /* ShareViewController.swift */,
				10901431293C7AE500958096 /* MainInterface.storyboard */,
				10901434293C7AE500958096 /* Info.plist */,
			);
			path = LinkFolderShareExtension;
			sourceTree = "<group>";
		};
		10AB7B1D293722E0000D6F81 /* VCs */ = {
			isa = PBXGroup;
			children = (
				105B970728FE577B00E95B53 /* NoticeViewController.swift */,
				105B970528FE572400E95B53 /* SignupViewController.swift */,
				105B970128FE56F600E95B53 /* LoginViewController.swift */,
				102A368C292D99D80062D730 /* ProfileEditViewController.swift */,
				105B96FD28FE567200E95B53 /* FriendsViewController.swift */,
				102925E62938515A00DC9201 /* UserPopUpViewController.swift */,
			);
			path = VCs;
			sourceTree = "<group>";
		};
		10AB7B1E293722ED000D6F81 /* Storyboards */ = {
			isa = PBXGroup;
			children = (
				102925DE2937238C00DC9201 /* Notice.storyboard */,
				102A368E292D9A020062D730 /* ProfileEdit.storyboard */,
				105B970328FE570400E95B53 /* Signup.storyboard */,
				105B96FF28FE56E500E95B53 /* Login.storyboard */,
				105B96FB28FE565D00E95B53 /* Friends.storyboard */,
				1050B1C42934A889004003FC /* FriendsTableViewCell.xib */,
				1050B1BB29349FC3004003FC /* NoticeTableViewCell.xib */,
				102925E42938469100DC9201 /* UserPopUp.storyboard */,
			);
			path = Storyboards;
			sourceTree = "<group>";
		};
		10AB7B1F2937231C000D6F81 /* Cells */ = {
			isa = PBXGroup;
			children = (
				1050B1C02934A84D004003FC /* FriendsTableViewCell.swift */,
				1050B1BA29349FC3004003FC /* NoticeTableViewCell.swift */,
			);
			path = Cells;
			sourceTree = "<group>";
		};
		29350E4C292D1C6000E8D04A /* Models */ = {
			isa = PBXGroup;
			children = (
				29350E4E292D1C7C00E8D04A /* FoldersListModel.swift */,
				29350E54292D36AB00E8D04A /* AddFolderModel.swift */,
				29350E56292D4BF900E8D04A /* FolderNameModifyModel.swift */,
				29350E5A292D5FB500E8D04A /* FolderDeleteModel.swift */,
				29350E6A29323A0100E8D04A /* LinkListModel.swift */,
				2951A07D293DC6CF005072D9 /* AlertDeleteModel.swift */,
				29350E6C29323A0E00E8D04A /* AddLinkModel.swift */,
				29350E6E293240A700E8D04A /* LinkModifyModel.swift */,
				29350E7429324CCD00E8D04A /* LinkDeleteModel.swift */,
				29636ADB293C399400E4D043 /* FolderCopyModel.swift */,
				10901446293D9D3000958096 /* LinkCopyModel.swift */,
				29636ADF293C48D400E4D043 /* ShareAlertSendModel.swift */,
			);
			path = Models;
			sourceTree = "<group>";
		};
		29350E4D292D1C6800E8D04A /* APIServices */ = {
			isa = PBXGroup;
			children = (
				29350E50292D1CB100E8D04A /* FoldersListRepository.swift */,
				29350E52292D362700E8D04A /* AddFolderRepository.swift */,
				29350E58292D4C8100E8D04A /* FolderNameModifyRepository.swift */,
				29350E5C292D604000E8D04A /* FolderDeleteRepository.swift */,
				2951A07A293DC63E005072D9 /* NoticeDeleteRepository.swift */,
				29350E66293239AF00E8D04A /* AddLinkRepository.swift */,
				29350E68293239E800E8D04A /* LinkListRepository.swift */,
				29350E702932410400E8D04A /* LinkModifyRepository.swift */,
				29350E7629324D0800E8D04A /* LinkDeleteRepository.swift */,
				29636AD7293C387100E4D043 /* LinkCopyRepository.swift */,
				29636AD9293C387D00E4D043 /* FolderCopyRepository.swift */,
				29636ADD293C47AB00E4D043 /* ShareAlertSendRepository.swift */,
			);
			path = APIServices;
			sourceTree = "<group>";
		};
		293F11D429179DB100052456 /* Resources */ = {
			isa = PBXGroup;
			children = (
				29350E4D292D1C6800E8D04A /* APIServices */,
				293F11D929179DEF00052456 /* Storyboards */,
			);
			path = Resources;
			sourceTree = "<group>";
		};
		293F11D529179DB600052456 /* Sources */ = {
			isa = PBXGroup;
			children = (
				29350E4C292D1C6000E8D04A /* Models */,
				29658D282910A20700DFA491 /* Cells */,
				293F11D629179DBB00052456 /* VCs */,
			);
			path = Sources;
			sourceTree = "<group>";
		};
		293F11D629179DBB00052456 /* VCs */ = {
			isa = PBXGroup;
			children = (
				29658D382910A21A00DFA491 /* AddLinkViewController.swift */,
				29658D3A2910A21A00DFA491 /* EditLinkViewController.swift */,
				298E42CE2910F68F002EA69B /* ChangeFolderNameViewController.swift */,
				2964F61E2918EA560088D867 /* ShareLinkViewController.swift */,
				29CBFCBA291166DC003B0D3F /* ShowLinkMorePopUpViewController.swift */,
				290D4401293DB79A004E2D30 /* ChooseFolderViewController.swift */,
				291CC3372911275C004592E4 /* HomeViewController.swift */,
				290D43FB293CC38C004E2D30 /* ShareLinkUserPopUpViewController.swift */,
				291097622910E1FE00FAA8AB /* AddFolderPopUpViewController.swift */,
				298E42C72910F27B002EA69B /* LinkListViewController.swift */,
				29658D3B2910A21A00DFA491 /* ShareFolderViewController.swift */,
				298E42CC2910F62B002EA69B /* ShowFolderMorePopUpViewController.swift */,
				290DA77D293C776F00A952CC /* ShareFolderUserPopUpViewController.swift */,
			);
			path = VCs;
			sourceTree = "<group>";
		};
		293F11D929179DEF00052456 /* Storyboards */ = {
			isa = PBXGroup;
			children = (
				291CC3362911275C004592E4 /* Home.storyboard */,
				293F11DD29179EC700052456 /* LinkList.storyboard */,
				293F11DB29179E6900052456 /* ShareFolder.storyboard */,
				290E12DF2918D19600823E82 /* ShowFolderMorePopUp.storyboard */,
				290E12E12918D7FE00823E82 /* ChangeFolderNamePopUp.storyboard */,
				290E12E32918DCC700823E82 /* AddLink.storyboard */,
				290E12E52918DCE200823E82 /* EditLink.storyboard */,
				2964F6182918E66B0088D867 /* ShowLinkMorePopUp.storyboard */,
				2964F61A2918E6F00088D867 /* ShareLink.storyboard */,
				2964F6202918EC500088D867 /* AddLinkFolder.storyboard */,
				290D43F7293C805A004E2D30 /* ShareFolderUserPopUp.storyboard */,
				290D43FD293CC3C5004E2D30 /* ShareLinkUserPopUp.storyboard */,
				290D43FF293DB780004E2D30 /* ChooseFolder.storyboard */,
			);
			path = Storyboards;
			sourceTree = "<group>";
		};
		29658D152910A07700DFA491 /* Fonts */ = {
			isa = PBXGroup;
			children = (
				29658D162910A07700DFA491 /* Pretendard-Regular.otf */,
				29658D172910A07700DFA491 /* Pretendard-Black.otf */,
				29658D182910A07700DFA491 /* Pretendard-Medium.otf */,
				29658D192910A07700DFA491 /* Pretendard-Light.otf */,
				29658D1A2910A07700DFA491 /* Pretendard-ExtraBold.otf */,
				29658D1B2910A07700DFA491 /* Pretendard-Bold.otf */,
				29658D1C2910A07700DFA491 /* Pretendard-Thin.otf */,
				29658D1D2910A07700DFA491 /* Pretendard-ExtraLight.otf */,
				29658D1E2910A07700DFA491 /* Pretendard-SemiBold.otf */,
			);
			path = Fonts;
			sourceTree = "<group>";
		};
		29658D282910A20700DFA491 /* Cells */ = {
			isa = PBXGroup;
			children = (
				29658D292910A20700DFA491 /* ProfileCollectionViewCell.xib */,
				29658D2A2910A20700DFA491 /* ProfileCollectionViewCell.swift */,
				29658D2B2910A20700DFA491 /* FolderCollectionViewCell.xib */,
				29658D2C2910A20700DFA491 /* CustomCollectionViewFlowLayout.swift */,
				29658D2D2910A20700DFA491 /* LinkListTableViewCell.xib */,
				29658D2E2910A20700DFA491 /* LinkListTableViewCell.swift */,
				29658D2F2910A20700DFA491 /* FolderCollectionViewCell.swift */,
				298E42C32910ED25002EA69B /* ShareFolderTableViewCell.swift */,
				298E42C42910ED25002EA69B /* ShareFolderTableViewCell.xib */,
			);
			path = Cells;
			sourceTree = "<group>";
		};
		2CDB23B06B33250966777F83 /* Pods */ = {
			isa = PBXGroup;
			children = (
				5AC481525C8AD0FD9F6F64FA /* Pods-LinkFolder.debug.xcconfig */,
				1D2B43758504AC387214F311 /* Pods-LinkFolder.release.xcconfig */,
				D575F0382B20FCBD8F7750CF /* Pods-LinkFolderShareExtension.debug.xcconfig */,
				DD709EE1DEA22DAC425F5EC5 /* Pods-LinkFolderShareExtension.release.xcconfig */,
			);
			path = Pods;
			sourceTree = "<group>";
		};
		3CE8C84A226844BCE9ED2A3D /* Frameworks */ = {
			isa = PBXGroup;
			children = (
				5A7DA9320ACA1AD904764689 /* Pods_LinkFolder_LinkFolderUITests.framework */,
				A624F824F79FF8951F8B816C /* Pods_LinkFolderTests.framework */,
				C9B29EE49EC0AD6046B5B53C /* libPods-LinkFolder.a */,
				C7ADCEA4E07B2FED88F714A0 /* libPods-LinkFolderShareExtension.a */,
			);
			name = Frameworks;
			sourceTree = "<group>";
		};
/* End PBXGroup section */

/* Begin PBXNativeTarget section */
		105B96BB28FE547500E95B53 /* LinkFolder */ = {
			isa = PBXNativeTarget;
			buildConfigurationList = 105B96E628FE547600E95B53 /* Build configuration list for PBXNativeTarget "LinkFolder" */;
			buildPhases = (
				9F5B3AA0BE5A488058623BDA /* [CP] Check Pods Manifest.lock */,
				105B96B828FE547500E95B53 /* Sources */,
				105B96B928FE547500E95B53 /* Frameworks */,
				105B96BA28FE547500E95B53 /* Resources */,
				10901438293C7AE500958096 /* Embed Foundation Extensions */,
			);
			buildRules = (
			);
			dependencies = (
				10901436293C7AE500958096 /* PBXTargetDependency */,
			);
			name = LinkFolder;
			productName = LinkFolder;
			productReference = 105B96BC28FE547500E95B53 /* LinkFolder.app */;
			productType = "com.apple.product-type.application";
		};
		1090142C293C7AE500958096 /* LinkFolderShareExtension */ = {
			isa = PBXNativeTarget;
			buildConfigurationList = 1090143B293C7AE500958096 /* Build configuration list for PBXNativeTarget "LinkFolderShareExtension" */;
			buildPhases = (
				1CE1ED741192AD08E0EEC285 /* [CP] Check Pods Manifest.lock */,
				10901429293C7AE500958096 /* Sources */,
				1090142A293C7AE500958096 /* Frameworks */,
				1090142B293C7AE500958096 /* Resources */,
			);
			buildRules = (
			);
			dependencies = (
			);
			name = LinkFolderShareExtension;
			productName = LinkFolderShareExtension;
			productReference = 1090142D293C7AE500958096 /* LinkFolderShareExtension.appex */;
			productType = "com.apple.product-type.app-extension";
		};
/* End PBXNativeTarget section */

/* Begin PBXProject section */
		105B96B428FE547500E95B53 /* Project object */ = {
			isa = PBXProject;
			attributes = {
				BuildIndependentTargetsInParallel = 1;
				LastSwiftUpdateCheck = 1410;
				LastUpgradeCheck = 1400;
				TargetAttributes = {
					105B96BB28FE547500E95B53 = {
						CreatedOnToolsVersion = 14.0;
					};
					1090142C293C7AE500958096 = {
						CreatedOnToolsVersion = 14.1;
					};
				};
			};
			buildConfigurationList = 105B96B728FE547500E95B53 /* Build configuration list for PBXProject "LinkFolder" */;
			compatibilityVersion = "Xcode 13.0";
			developmentRegion = en;
			hasScannedForEncodings = 0;
			knownRegions = (
				en,
				Base,
			);
			mainGroup = 105B96B328FE547500E95B53;
			productRefGroup = 105B96BD28FE547500E95B53 /* Products */;
			projectDirPath = "";
			projectRoot = "";
			targets = (
				105B96BB28FE547500E95B53 /* LinkFolder */,
				1090142C293C7AE500958096 /* LinkFolderShareExtension */,
			);
		};
/* End PBXProject section */

/* Begin PBXResourcesBuildPhase section */
		105B96BA28FE547500E95B53 /* Resources */ = {
			isa = PBXResourcesBuildPhase;
			buildActionMask = 2147483647;
			files = (
				290E12E42918DCC700823E82 /* AddLink.storyboard in Resources */,
				29658D262910A07700DFA491 /* Pretendard-ExtraLight.otf in Resources */,
				102925DF2937238C00DC9201 /* Notice.storyboard in Resources */,
				2964F6212918EC500088D867 /* AddLinkFolder.storyboard in Resources */,
				29658D232910A07700DFA491 /* Pretendard-ExtraBold.otf in Resources */,
				293F11DE29179EC700052456 /* LinkList.storyboard in Resources */,
				290D43F8293C805A004E2D30 /* ShareFolderUserPopUp.storyboard in Resources */,
				29658D222910A07700DFA491 /* Pretendard-Light.otf in Resources */,
				1050B1C52934AE72004003FC /* FriendsTableViewCell.xib in Resources */,
				29658D342910A20700DFA491 /* LinkListTableViewCell.xib in Resources */,
				293F11DC29179E6900052456 /* ShareFolder.storyboard in Resources */,
				105B96CC28FE547600E95B53 /* LaunchScreen.storyboard in Resources */,
				29658D242910A07700DFA491 /* Pretendard-Bold.otf in Resources */,
				105B96FC28FE565D00E95B53 /* Friends.storyboard in Resources */,
				290E12E62918DCE200823E82 /* EditLink.storyboard in Resources */,
				105B970428FE570400E95B53 /* Signup.storyboard in Resources */,
				105B970028FE56E500E95B53 /* Login.storyboard in Resources */,
				105B971528FE62DE00E95B53 /* TextFieldComponent.xib in Resources */,
				290E12E22918D7FE00823E82 /* ChangeFolderNamePopUp.storyboard in Resources */,
				105B96C928FE547600E95B53 /* Assets.xcassets in Resources */,
				105B971C28FE7BDD00E95B53 /* ButtonComponent.xib in Resources */,
				105B96C728FE547500E95B53 /* Main.storyboard in Resources */,
				29658D1F2910A07700DFA491 /* Pretendard-Regular.otf in Resources */,
				290E12E02918D19600823E82 /* ShowFolderMorePopUp.storyboard in Resources */,
				29658D302910A20700DFA491 /* ProfileCollectionViewCell.xib in Resources */,
				29658D322910A20700DFA491 /* FolderCollectionViewCell.xib in Resources */,
				2964F61B2918E6F00088D867 /* ShareLink.storyboard in Resources */,
				290D4400293DB780004E2D30 /* ChooseFolder.storyboard in Resources */,
				2964F6192918E66B0088D867 /* ShowLinkMorePopUp.storyboard in Resources */,
				29658D272910A07700DFA491 /* Pretendard-SemiBold.otf in Resources */,
				29658D202910A07700DFA491 /* Pretendard-Black.otf in Resources */,
				290D43FE293CC3C5004E2D30 /* ShareLinkUserPopUp.storyboard in Resources */,
				10901441293C816D00958096 /* MainInterface.storyboard in Resources */,
				29658D252910A07700DFA491 /* Pretendard-Thin.otf in Resources */,
				102925E52938469100DC9201 /* UserPopUp.storyboard in Resources */,
				102A368F292D9A020062D730 /* ProfileEdit.storyboard in Resources */,
				298E42C62910ED25002EA69B /* ShareFolderTableViewCell.xib in Resources */,
				1050B1BD29349FC3004003FC /* NoticeTableViewCell.xib in Resources */,
				291CC3382911275C004592E4 /* Home.storyboard in Resources */,
				29658D212910A07700DFA491 /* Pretendard-Medium.otf in Resources */,
			);
			runOnlyForDeploymentPostprocessing = 0;
		};
		1090142B293C7AE500958096 /* Resources */ = {
			isa = PBXResourcesBuildPhase;
			buildActionMask = 2147483647;
			files = (
				29E42880293E728F0046040F /* FolderCollectionViewCell.xib in Resources */,
				10901456293F10B400958096 /* addFolder.png in Resources */,
				29E4288B293E75400046040F /* AddLink.storyboard in Resources */,
				10901454293F102200958096 /* Folder.png in Resources */,
				1090145B293F40F500958096 /* Assets.xcassets in Resources */,
				29AEC4D3293EC8990049BAEC /* AddLinkFolder.storyboard in Resources */,
				10901433293C7AE500958096 /* MainInterface.storyboard in Resources */,
			);
			runOnlyForDeploymentPostprocessing = 0;
		};
/* End PBXResourcesBuildPhase section */

/* Begin PBXShellScriptBuildPhase section */
		1CE1ED741192AD08E0EEC285 /* [CP] Check Pods Manifest.lock */ = {
			isa = PBXShellScriptBuildPhase;
			buildActionMask = 2147483647;
			files = (
			);
			inputFileListPaths = (
			);
			inputPaths = (
				"${PODS_PODFILE_DIR_PATH}/Podfile.lock",
				"${PODS_ROOT}/Manifest.lock",
			);
			name = "[CP] Check Pods Manifest.lock";
			outputFileListPaths = (
			);
			outputPaths = (
				"$(DERIVED_FILE_DIR)/Pods-LinkFolderShareExtension-checkManifestLockResult.txt",
			);
			runOnlyForDeploymentPostprocessing = 0;
			shellPath = /bin/sh;
			shellScript = "diff \"${PODS_PODFILE_DIR_PATH}/Podfile.lock\" \"${PODS_ROOT}/Manifest.lock\" > /dev/null\nif [ $? != 0 ] ; then\n    # print error to STDERR\n    echo \"error: The sandbox is not in sync with the Podfile.lock. Run 'pod install' or update your CocoaPods installation.\" >&2\n    exit 1\nfi\n# This output is used by Xcode 'outputs' to avoid re-running this script phase.\necho \"SUCCESS\" > \"${SCRIPT_OUTPUT_FILE_0}\"\n";
			showEnvVarsInLog = 0;
		};
		9F5B3AA0BE5A488058623BDA /* [CP] Check Pods Manifest.lock */ = {
			isa = PBXShellScriptBuildPhase;
			buildActionMask = 2147483647;
			files = (
			);
			inputFileListPaths = (
			);
			inputPaths = (
				"${PODS_PODFILE_DIR_PATH}/Podfile.lock",
				"${PODS_ROOT}/Manifest.lock",
			);
			name = "[CP] Check Pods Manifest.lock";
			outputFileListPaths = (
			);
			outputPaths = (
				"$(DERIVED_FILE_DIR)/Pods-LinkFolder-checkManifestLockResult.txt",
			);
			runOnlyForDeploymentPostprocessing = 0;
			shellPath = /bin/sh;
			shellScript = "diff \"${PODS_PODFILE_DIR_PATH}/Podfile.lock\" \"${PODS_ROOT}/Manifest.lock\" > /dev/null\nif [ $? != 0 ] ; then\n    # print error to STDERR\n    echo \"error: The sandbox is not in sync with the Podfile.lock. Run 'pod install' or update your CocoaPods installation.\" >&2\n    exit 1\nfi\n# This output is used by Xcode 'outputs' to avoid re-running this script phase.\necho \"SUCCESS\" > \"${SCRIPT_OUTPUT_FILE_0}\"\n";
			showEnvVarsInLog = 0;
		};
/* End PBXShellScriptBuildPhase section */

/* Begin PBXSourcesBuildPhase section */
		105B96B828FE547500E95B53 /* Sources */ = {
			isa = PBXSourcesBuildPhase;
			buildActionMask = 2147483647;
			files = (
				10901447293D9D3000958096 /* LinkCopyModel.swift in Sources */,
				291097632910E1FE00FAA8AB /* AddFolderPopUpViewController.swift in Sources */,
				2951A07B293DC63E005072D9 /* NoticeDeleteRepository.swift in Sources */,
				29636AE0293C48D400E4D043 /* ShareAlertSendModel.swift in Sources */,
				1050B1CF2934B9DF004003FC /* TapbarController.swift in Sources */,
				102A3687292D129D0062D730 /* LoginRepository.swift in Sources */,
				102925E329372A5B00DC9201 /* SearchModel.swift in Sources */,
				1090145A293F35AD00958096 /*  ViewComponent.swift in Sources */,
				1046F97A2931C94C00053A0C /* ProfileEditRepository.swift in Sources */,
				1050B1C22934A84D004003FC /* FriendsTableViewCell.swift in Sources */,
				29350E5D292D604000E8D04A /* FolderDeleteRepository.swift in Sources */,
				29350E59292D4C8100E8D04A /* FolderNameModifyRepository.swift in Sources */,
				105B970628FE572400E95B53 /* SignupViewController.swift in Sources */,
				1050B1CD2934B37F004003FC /* NoticeRepository.swift in Sources */,
				1046F97D2931CD5A00053A0C /* ProfileCollectionViewCellDelegate .swift in Sources */,
				105B971A28FE7BCD00E95B53 /* ButtonComponent.swift in Sources */,
				105B970228FE56F600E95B53 /* LoginViewController.swift in Sources */,
				102A3688292D12A10062D730 /* SignupRepository.swift in Sources */,
				1050B1C72934B351004003FC /* FriendsModel.swift in Sources */,
				29658D312910A20700DFA491 /* ProfileCollectionViewCell.swift in Sources */,
				290D43FC293CC38C004E2D30 /* ShareLinkUserPopUpViewController.swift in Sources */,
				291CC3392911275C004592E4 /* HomeViewController.swift in Sources */,
				298E42C82910F27B002EA69B /* LinkListViewController.swift in Sources */,
				1050B1C92934B35C004003FC /* NoticeModel.swift in Sources */,
				29350E5B292D5FB500E8D04A /* FolderDeleteModel.swift in Sources */,
				29636ADA293C387D00E4D043 /* FolderCopyRepository.swift in Sources */,
				105B96C428FE547500E95B53 /* ViewController.swift in Sources */,
				298E42CF2910F68F002EA69B /* ChangeFolderNameViewController.swift in Sources */,
				29658D352910A20700DFA491 /* LinkListTableViewCell.swift in Sources */,
				29350E712932410400E8D04A /* LinkModifyRepository.swift in Sources */,
				29350E7529324CCD00E8D04A /* LinkDeleteModel.swift in Sources */,
				29658D422910A21B00DFA491 /* ShareFolderViewController.swift in Sources */,
				102925E72938515A00DC9201 /* UserPopUpViewController.swift in Sources */,
				29350E51292D1CB100E8D04A /* FoldersListRepository.swift in Sources */,
				29350E7729324D0800E8D04A /* LinkDeleteRepository.swift in Sources */,
				298E42CD2910F62B002EA69B /* ShowFolderMorePopUpViewController.swift in Sources */,
				29350E57292D4BF900E8D04A /* FolderNameModifyModel.swift in Sources */,
				1050B1BF2934A1CC004003FC /* ProfileImageComponent.swift in Sources */,
				29350E6F293240A700E8D04A /* LinkModifyModel.swift in Sources */,
				29350E67293239AF00E8D04A /* AddLinkRepository.swift in Sources */,
				29658D3F2910A21B00DFA491 /* AddLinkViewController.swift in Sources */,
				105B96FE28FE567200E95B53 /* FriendsViewController.swift in Sources */,
				102A368D292D99D80062D730 /* ProfileEditViewController.swift in Sources */,
				290D4402293DB79B004E2D30 /* ChooseFolderViewController.swift in Sources */,
				102925E129372A4F00DC9201 /* SearchRepository.swift in Sources */,
				29658D412910A21B00DFA491 /* EditLinkViewController.swift in Sources */,
				105B96C028FE547500E95B53 /* AppDelegate.swift in Sources */,
				102A367C292D0D9D0062D730 /* Consts.swift in Sources */,
				29636ADC293C399400E4D043 /* FolderCopyModel.swift in Sources */,
				102A3689292D12A60062D730 /* SignupModel.swift in Sources */,
				29350E6B29323A0100E8D04A /* LinkListModel.swift in Sources */,
				2951A07E293DC6CF005072D9 /* AlertDeleteModel.swift in Sources */,
				2964F61F2918EA560088D867 /* ShareLinkViewController.swift in Sources */,
				29350E69293239E800E8D04A /* LinkListRepository.swift in Sources */,
				29658D332910A20700DFA491 /* CustomCollectionViewFlowLayout.swift in Sources */,
				105B96C228FE547500E95B53 /* SceneDelegate.swift in Sources */,
				102A368A292D12AB0062D730 /* LoginModel.swift in Sources */,
				1050B1BC29349FC3004003FC /* NoticeTableViewCell.swift in Sources */,
				29350E53292D362700E8D04A /* AddFolderRepository.swift in Sources */,
				29636ADE293C47AB00E4D043 /* ShareAlertSendRepository.swift in Sources */,
				298E42C52910ED25002EA69B /* ShareFolderTableViewCell.swift in Sources */,
				29350E6D29323A0E00E8D04A /* AddLinkModel.swift in Sources */,
				29350E4F292D1C7C00E8D04A /* FoldersListModel.swift in Sources */,
				29658D362910A20700DFA491 /* FolderCollectionViewCell.swift in Sources */,
				105B970828FE577B00E95B53 /* NoticeViewController.swift in Sources */,
				105B971128FE61D900E95B53 /* TextFieldComponent.swift in Sources */,
				1050B1CB2934B36A004003FC /* FriendsRepository.swift in Sources */,
				29636AD8293C387100E4D043 /* LinkCopyRepository.swift in Sources */,
				29CBFCBB291166DC003B0D3F /* ShowLinkMorePopUpViewController.swift in Sources */,
				108944F229320AEC008991B2 /* EditProfileModel.swift in Sources */,
				290DA77E293C776F00A952CC /* ShareFolderUserPopUpViewController.swift in Sources */,
				29350E55292D36AB00E8D04A /* AddFolderModel.swift in Sources */,
			);
			runOnlyForDeploymentPostprocessing = 0;
		};
		10901429293C7AE500958096 /* Sources */ = {
			isa = PBXSourcesBuildPhase;
			buildActionMask = 2147483647;
			files = (
				10901430293C7AE500958096 /* ShareViewController.swift in Sources */,
				29E42882293E73030046040F /* AddFolderPopUpViewController.swift in Sources */,
				2947E0A4293E71F8002F7116 /* AddFolderRepository.swift in Sources */,
				29E42885293E74110046040F /* AddLinkViewController.swift in Sources */,
				10901450293E3E0200958096 /* Consts.swift in Sources */,
				29E4287F293E728F0046040F /* FolderCollectionViewCell.swift in Sources */,
				1090144C293E3CEE00958096 /* FoldersListModel.swift in Sources */,
				29E42887293E74770046040F /* AddLinkModel.swift in Sources */,
				29E42889293E74AC0046040F /* AddLinkRepository.swift in Sources */,
				1090144E293E3DD300958096 /* FoldersListRepository.swift in Sources */,
				29E4287C293E72670046040F /* AddFolderModel.swift in Sources */,
			);
			runOnlyForDeploymentPostprocessing = 0;
		};
/* End PBXSourcesBuildPhase section */

/* Begin PBXTargetDependency section */
		10901436293C7AE500958096 /* PBXTargetDependency */ = {
			isa = PBXTargetDependency;
			target = 1090142C293C7AE500958096 /* LinkFolderShareExtension */;
			targetProxy = 10901435293C7AE500958096 /* PBXContainerItemProxy */;
		};
/* End PBXTargetDependency section */

/* Begin PBXVariantGroup section */
		105B96C528FE547500E95B53 /* Main.storyboard */ = {
			isa = PBXVariantGroup;
			children = (
				105B96C628FE547500E95B53 /* Base */,
			);
			name = Main.storyboard;
			sourceTree = "<group>";
		};
		105B96CA28FE547600E95B53 /* LaunchScreen.storyboard */ = {
			isa = PBXVariantGroup;
			children = (
				105B96CB28FE547600E95B53 /* Base */,
			);
			name = LaunchScreen.storyboard;
			sourceTree = "<group>";
		};
		10901431293C7AE500958096 /* MainInterface.storyboard */ = {
			isa = PBXVariantGroup;
			children = (
				10901432293C7AE500958096 /* Base */,
			);
			name = MainInterface.storyboard;
			sourceTree = "<group>";
		};
/* End PBXVariantGroup section */

/* Begin XCBuildConfiguration section */
		105B96E428FE547600E95B53 /* Debug */ = {
			isa = XCBuildConfiguration;
			buildSettings = {
				ALWAYS_SEARCH_USER_PATHS = NO;
				CLANG_ANALYZER_NONNULL = YES;
				CLANG_ANALYZER_NUMBER_OBJECT_CONVERSION = YES_AGGRESSIVE;
				CLANG_CXX_LANGUAGE_STANDARD = "gnu++20";
				CLANG_ENABLE_MODULES = YES;
				CLANG_ENABLE_OBJC_ARC = YES;
				CLANG_ENABLE_OBJC_WEAK = YES;
				CLANG_WARN_BLOCK_CAPTURE_AUTORELEASING = YES;
				CLANG_WARN_BOOL_CONVERSION = YES;
				CLANG_WARN_COMMA = YES;
				CLANG_WARN_CONSTANT_CONVERSION = YES;
				CLANG_WARN_DEPRECATED_OBJC_IMPLEMENTATIONS = YES;
				CLANG_WARN_DIRECT_OBJC_ISA_USAGE = YES_ERROR;
				CLANG_WARN_DOCUMENTATION_COMMENTS = YES;
				CLANG_WARN_EMPTY_BODY = YES;
				CLANG_WARN_ENUM_CONVERSION = YES;
				CLANG_WARN_INFINITE_RECURSION = YES;
				CLANG_WARN_INT_CONVERSION = YES;
				CLANG_WARN_NON_LITERAL_NULL_CONVERSION = YES;
				CLANG_WARN_OBJC_IMPLICIT_RETAIN_SELF = YES;
				CLANG_WARN_OBJC_LITERAL_CONVERSION = YES;
				CLANG_WARN_OBJC_ROOT_CLASS = YES_ERROR;
				CLANG_WARN_QUOTED_INCLUDE_IN_FRAMEWORK_HEADER = YES;
				CLANG_WARN_RANGE_LOOP_ANALYSIS = YES;
				CLANG_WARN_STRICT_PROTOTYPES = YES;
				CLANG_WARN_SUSPICIOUS_MOVE = YES;
				CLANG_WARN_UNGUARDED_AVAILABILITY = YES_AGGRESSIVE;
				CLANG_WARN_UNREACHABLE_CODE = YES;
				CLANG_WARN__DUPLICATE_METHOD_MATCH = YES;
				COPY_PHASE_STRIP = NO;
				DEBUG_INFORMATION_FORMAT = dwarf;
				ENABLE_STRICT_OBJC_MSGSEND = YES;
				ENABLE_TESTABILITY = YES;
				GCC_C_LANGUAGE_STANDARD = gnu11;
				GCC_DYNAMIC_NO_PIC = NO;
				GCC_NO_COMMON_BLOCKS = YES;
				GCC_OPTIMIZATION_LEVEL = 0;
				GCC_PREPROCESSOR_DEFINITIONS = (
					"DEBUG=1",
					"$(inherited)",
				);
				GCC_WARN_64_TO_32_BIT_CONVERSION = YES;
				GCC_WARN_ABOUT_RETURN_TYPE = YES_ERROR;
				GCC_WARN_UNDECLARED_SELECTOR = YES;
				GCC_WARN_UNINITIALIZED_AUTOS = YES_AGGRESSIVE;
				GCC_WARN_UNUSED_FUNCTION = YES;
				GCC_WARN_UNUSED_VARIABLE = YES;
				IPHONEOS_DEPLOYMENT_TARGET = 16.0;
				MTL_ENABLE_DEBUG_INFO = INCLUDE_SOURCE;
				MTL_FAST_MATH = YES;
				ONLY_ACTIVE_ARCH = YES;
				SDKROOT = iphoneos;
				SWIFT_ACTIVE_COMPILATION_CONDITIONS = DEBUG;
				SWIFT_OPTIMIZATION_LEVEL = "-Onone";
			};
			name = Debug;
		};
		105B96E528FE547600E95B53 /* Release */ = {
			isa = XCBuildConfiguration;
			buildSettings = {
				ALWAYS_SEARCH_USER_PATHS = NO;
				CLANG_ANALYZER_NONNULL = YES;
				CLANG_ANALYZER_NUMBER_OBJECT_CONVERSION = YES_AGGRESSIVE;
				CLANG_CXX_LANGUAGE_STANDARD = "gnu++20";
				CLANG_ENABLE_MODULES = YES;
				CLANG_ENABLE_OBJC_ARC = YES;
				CLANG_ENABLE_OBJC_WEAK = YES;
				CLANG_WARN_BLOCK_CAPTURE_AUTORELEASING = YES;
				CLANG_WARN_BOOL_CONVERSION = YES;
				CLANG_WARN_COMMA = YES;
				CLANG_WARN_CONSTANT_CONVERSION = YES;
				CLANG_WARN_DEPRECATED_OBJC_IMPLEMENTATIONS = YES;
				CLANG_WARN_DIRECT_OBJC_ISA_USAGE = YES_ERROR;
				CLANG_WARN_DOCUMENTATION_COMMENTS = YES;
				CLANG_WARN_EMPTY_BODY = YES;
				CLANG_WARN_ENUM_CONVERSION = YES;
				CLANG_WARN_INFINITE_RECURSION = YES;
				CLANG_WARN_INT_CONVERSION = YES;
				CLANG_WARN_NON_LITERAL_NULL_CONVERSION = YES;
				CLANG_WARN_OBJC_IMPLICIT_RETAIN_SELF = YES;
				CLANG_WARN_OBJC_LITERAL_CONVERSION = YES;
				CLANG_WARN_OBJC_ROOT_CLASS = YES_ERROR;
				CLANG_WARN_QUOTED_INCLUDE_IN_FRAMEWORK_HEADER = YES;
				CLANG_WARN_RANGE_LOOP_ANALYSIS = YES;
				CLANG_WARN_STRICT_PROTOTYPES = YES;
				CLANG_WARN_SUSPICIOUS_MOVE = YES;
				CLANG_WARN_UNGUARDED_AVAILABILITY = YES_AGGRESSIVE;
				CLANG_WARN_UNREACHABLE_CODE = YES;
				CLANG_WARN__DUPLICATE_METHOD_MATCH = YES;
				COPY_PHASE_STRIP = NO;
				DEBUG_INFORMATION_FORMAT = "dwarf-with-dsym";
				ENABLE_NS_ASSERTIONS = NO;
				ENABLE_STRICT_OBJC_MSGSEND = YES;
				GCC_C_LANGUAGE_STANDARD = gnu11;
				GCC_NO_COMMON_BLOCKS = YES;
				GCC_WARN_64_TO_32_BIT_CONVERSION = YES;
				GCC_WARN_ABOUT_RETURN_TYPE = YES_ERROR;
				GCC_WARN_UNDECLARED_SELECTOR = YES;
				GCC_WARN_UNINITIALIZED_AUTOS = YES_AGGRESSIVE;
				GCC_WARN_UNUSED_FUNCTION = YES;
				GCC_WARN_UNUSED_VARIABLE = YES;
				IPHONEOS_DEPLOYMENT_TARGET = 16.0;
				MTL_ENABLE_DEBUG_INFO = NO;
				MTL_FAST_MATH = YES;
				SDKROOT = iphoneos;
				SWIFT_COMPILATION_MODE = wholemodule;
				SWIFT_OPTIMIZATION_LEVEL = "-O";
				VALIDATE_PRODUCT = YES;
			};
			name = Release;
		};
		105B96E728FE547600E95B53 /* Debug */ = {
			isa = XCBuildConfiguration;
			baseConfigurationReference = 5AC481525C8AD0FD9F6F64FA /* Pods-LinkFolder.debug.xcconfig */;
			buildSettings = {
				ALWAYS_EMBED_SWIFT_STANDARD_LIBRARIES = YES;
				ASSETCATALOG_COMPILER_APPICON_NAME = AppIcon;
				ASSETCATALOG_COMPILER_GLOBAL_ACCENT_COLOR_NAME = AccentColor;
				CODE_SIGN_ENTITLEMENTS = LinkFolder/LinkFolder.entitlements;
				CODE_SIGN_STYLE = Automatic;
				CURRENT_PROJECT_VERSION = 1;
				DEVELOPMENT_TEAM = 6UJYJPDXP4;
				GENERATE_INFOPLIST_FILE = YES;
				INFOPLIST_FILE = LinkFolder/Info.plist;
				INFOPLIST_KEY_UIApplicationSupportsIndirectInputEvents = YES;
				INFOPLIST_KEY_UILaunchStoryboardName = LaunchScreen;
				INFOPLIST_KEY_UIMainStoryboardFile = Main;
				INFOPLIST_KEY_UISupportedInterfaceOrientations_iPad = "UIInterfaceOrientationPortrait UIInterfaceOrientationPortraitUpsideDown UIInterfaceOrientationLandscapeLeft UIInterfaceOrientationLandscapeRight";
				INFOPLIST_KEY_UISupportedInterfaceOrientations_iPhone = "UIInterfaceOrientationPortrait UIInterfaceOrientationLandscapeLeft UIInterfaceOrientationLandscapeRight";
				LD_RUNPATH_SEARCH_PATHS = (
					"$(inherited)",
					"@executable_path/Frameworks",
				);
				MARKETING_VERSION = 1.0;
				PRODUCT_BUNDLE_IDENTIFIER = com.openn.LinkFolder;
				PRODUCT_NAME = "$(TARGET_NAME)";
				SWIFT_EMIT_LOC_STRINGS = YES;
				SWIFT_VERSION = 5.0;
				TARGETED_DEVICE_FAMILY = "1,2";
			};
			name = Debug;
		};
		105B96E828FE547600E95B53 /* Release */ = {
			isa = XCBuildConfiguration;
			baseConfigurationReference = 1D2B43758504AC387214F311 /* Pods-LinkFolder.release.xcconfig */;
			buildSettings = {
				ALWAYS_EMBED_SWIFT_STANDARD_LIBRARIES = YES;
				ASSETCATALOG_COMPILER_APPICON_NAME = AppIcon;
				ASSETCATALOG_COMPILER_GLOBAL_ACCENT_COLOR_NAME = AccentColor;
				CODE_SIGN_ENTITLEMENTS = LinkFolder/LinkFolder.entitlements;
				CODE_SIGN_STYLE = Automatic;
				CURRENT_PROJECT_VERSION = 1;
				DEVELOPMENT_TEAM = 69F5355JYF;
				GENERATE_INFOPLIST_FILE = YES;
				INFOPLIST_FILE = LinkFolder/Info.plist;
				INFOPLIST_KEY_UIApplicationSupportsIndirectInputEvents = YES;
				INFOPLIST_KEY_UILaunchStoryboardName = LaunchScreen;
				INFOPLIST_KEY_UIMainStoryboardFile = Main;
				INFOPLIST_KEY_UISupportedInterfaceOrientations_iPad = "UIInterfaceOrientationPortrait UIInterfaceOrientationPortraitUpsideDown UIInterfaceOrientationLandscapeLeft UIInterfaceOrientationLandscapeRight";
				INFOPLIST_KEY_UISupportedInterfaceOrientations_iPhone = "UIInterfaceOrientationPortrait UIInterfaceOrientationLandscapeLeft UIInterfaceOrientationLandscapeRight";
				LD_RUNPATH_SEARCH_PATHS = (
					"$(inherited)",
					"@executable_path/Frameworks",
				);
				MARKETING_VERSION = 1.0;
				PRODUCT_BUNDLE_IDENTIFIER = linkfolder.makeus.com;
				PRODUCT_NAME = "$(TARGET_NAME)";
				SWIFT_EMIT_LOC_STRINGS = YES;
				SWIFT_VERSION = 5.0;
				TARGETED_DEVICE_FAMILY = "1,2";
			};
			name = Release;
		};
		10901439293C7AE500958096 /* Debug */ = {
			isa = XCBuildConfiguration;
			baseConfigurationReference = D575F0382B20FCBD8F7750CF /* Pods-LinkFolderShareExtension.debug.xcconfig */;
			buildSettings = {
				CODE_SIGN_ENTITLEMENTS = LinkFolderShareExtension/LinkFolderShareExtension.entitlements;
				CODE_SIGN_STYLE = Automatic;
				CURRENT_PROJECT_VERSION = 1;
				DEVELOPMENT_TEAM = 6UJYJPDXP4;
				GENERATE_INFOPLIST_FILE = YES;
				INFOPLIST_FILE = LinkFolderShareExtension/Info.plist;
				INFOPLIST_KEY_CFBundleDisplayName = LinkFolderShareExtension;
				INFOPLIST_KEY_NSHumanReadableCopyright = "";
				IPHONEOS_DEPLOYMENT_TARGET = 16.1;
				LD_RUNPATH_SEARCH_PATHS = (
					"$(inherited)",
					"@executable_path/Frameworks",
					"@executable_path/../../Frameworks",
				);
				MARKETING_VERSION = 1.0;
				PRODUCT_BUNDLE_IDENTIFIER = com.openn.LinkFolder.LinkFolderShareExtension;
				PRODUCT_NAME = "$(TARGET_NAME)";
				SKIP_INSTALL = YES;
				SWIFT_EMIT_LOC_STRINGS = YES;
				SWIFT_VERSION = 5.0;
				TARGETED_DEVICE_FAMILY = "1,2";
			};
			name = Debug;
		};
		1090143A293C7AE500958096 /* Release */ = {
			isa = XCBuildConfiguration;
			baseConfigurationReference = DD709EE1DEA22DAC425F5EC5 /* Pods-LinkFolderShareExtension.release.xcconfig */;
			buildSettings = {
				CODE_SIGN_ENTITLEMENTS = LinkFolderShareExtension/LinkFolderShareExtension.entitlements;
				CODE_SIGN_STYLE = Automatic;
				CURRENT_PROJECT_VERSION = 1;
				DEVELOPMENT_TEAM = 69F5355JYF;
				GENERATE_INFOPLIST_FILE = YES;
				INFOPLIST_FILE = LinkFolderShareExtension/Info.plist;
				INFOPLIST_KEY_CFBundleDisplayName = LinkFolderShareExtension;
				INFOPLIST_KEY_NSHumanReadableCopyright = "";
				IPHONEOS_DEPLOYMENT_TARGET = 16.1;
				LD_RUNPATH_SEARCH_PATHS = (
					"$(inherited)",
					"@executable_path/Frameworks",
					"@executable_path/../../Frameworks",
				);
				MARKETING_VERSION = 1.0;
				PRODUCT_BUNDLE_IDENTIFIER = linkfolder.makeus.com.share;
				PRODUCT_NAME = "$(TARGET_NAME)";
				SKIP_INSTALL = YES;
				SWIFT_EMIT_LOC_STRINGS = YES;
				SWIFT_VERSION = 5.0;
				TARGETED_DEVICE_FAMILY = "1,2";
			};
			name = Release;
		};
/* End XCBuildConfiguration section */

/* Begin XCConfigurationList section */
		105B96B728FE547500E95B53 /* Build configuration list for PBXProject "LinkFolder" */ = {
			isa = XCConfigurationList;
			buildConfigurations = (
				105B96E428FE547600E95B53 /* Debug */,
				105B96E528FE547600E95B53 /* Release */,
			);
			defaultConfigurationIsVisible = 0;
			defaultConfigurationName = Release;
		};
		105B96E628FE547600E95B53 /* Build configuration list for PBXNativeTarget "LinkFolder" */ = {
			isa = XCConfigurationList;
			buildConfigurations = (
				105B96E728FE547600E95B53 /* Debug */,
				105B96E828FE547600E95B53 /* Release */,
			);
			defaultConfigurationIsVisible = 0;
			defaultConfigurationName = Release;
		};
		1090143B293C7AE500958096 /* Build configuration list for PBXNativeTarget "LinkFolderShareExtension" */ = {
			isa = XCConfigurationList;
			buildConfigurations = (
				10901439293C7AE500958096 /* Debug */,
				1090143A293C7AE500958096 /* Release */,
			);
			defaultConfigurationIsVisible = 0;
			defaultConfigurationName = Release;
		};
/* End XCConfigurationList section */
	};
	rootObject = 105B96B428FE547500E95B53 /* Project object */;
}
