// !$*UTF8*$!
{
	archiveVersion = 1;
	classes = {
	};
	objectVersion = 55;
	objects = {

/* Begin PBXBuildFile section */
		102A367C292D0D9D0062D730 /* Consts.swift in Sources */ = {isa = PBXBuildFile; fileRef = 102A367B292D0D9D0062D730 /* Consts.swift */; };
		102A3687292D129D0062D730 /* LoginRepository.swift in Sources */ = {isa = PBXBuildFile; fileRef = 102A3683292D112C0062D730 /* LoginRepository.swift */; };
		102A3688292D12A10062D730 /* SignupRepository.swift in Sources */ = {isa = PBXBuildFile; fileRef = 102A3682292D112C0062D730 /* SignupRepository.swift */; };
		102A3689292D12A60062D730 /* SignupModel.swift in Sources */ = {isa = PBXBuildFile; fileRef = 102A3685292D11350062D730 /* SignupModel.swift */; };
		102A368A292D12AB0062D730 /* LoginModel.swift in Sources */ = {isa = PBXBuildFile; fileRef = 102A3686292D11350062D730 /* LoginModel.swift */; };
		102A368D292D99D80062D730 /* ProfileEditViewController.swift in Sources */ = {isa = PBXBuildFile; fileRef = 102A368C292D99D80062D730 /* ProfileEditViewController.swift */; };
		102A368F292D9A020062D730 /* ProfileEdit.storyboard in Resources */ = {isa = PBXBuildFile; fileRef = 102A368E292D9A020062D730 /* ProfileEdit.storyboard */; };
		105B96C028FE547500E95B53 /* AppDelegate.swift in Sources */ = {isa = PBXBuildFile; fileRef = 105B96BF28FE547500E95B53 /* AppDelegate.swift */; };
		105B96C228FE547500E95B53 /* SceneDelegate.swift in Sources */ = {isa = PBXBuildFile; fileRef = 105B96C128FE547500E95B53 /* SceneDelegate.swift */; };
		105B96C428FE547500E95B53 /* ViewController.swift in Sources */ = {isa = PBXBuildFile; fileRef = 105B96C328FE547500E95B53 /* ViewController.swift */; };
		105B96C728FE547500E95B53 /* Main.storyboard in Resources */ = {isa = PBXBuildFile; fileRef = 105B96C528FE547500E95B53 /* Main.storyboard */; };
		105B96C928FE547600E95B53 /* Assets.xcassets in Resources */ = {isa = PBXBuildFile; fileRef = 105B96C828FE547600E95B53 /* Assets.xcassets */; };
		105B96CC28FE547600E95B53 /* LaunchScreen.storyboard in Resources */ = {isa = PBXBuildFile; fileRef = 105B96CA28FE547600E95B53 /* LaunchScreen.storyboard */; };
		105B96FC28FE565D00E95B53 /* Friends.storyboard in Resources */ = {isa = PBXBuildFile; fileRef = 105B96FB28FE565D00E95B53 /* Friends.storyboard */; };
		105B96FE28FE567200E95B53 /* FriendsViewController.swift in Sources */ = {isa = PBXBuildFile; fileRef = 105B96FD28FE567200E95B53 /* FriendsViewController.swift */; };
		105B970028FE56E500E95B53 /* Login.storyboard in Resources */ = {isa = PBXBuildFile; fileRef = 105B96FF28FE56E500E95B53 /* Login.storyboard */; };
		105B970228FE56F600E95B53 /* LoginViewController.swift in Sources */ = {isa = PBXBuildFile; fileRef = 105B970128FE56F600E95B53 /* LoginViewController.swift */; };
		105B970428FE570400E95B53 /* Signup.storyboard in Resources */ = {isa = PBXBuildFile; fileRef = 105B970328FE570400E95B53 /* Signup.storyboard */; };
		105B970628FE572400E95B53 /* SignupViewController.swift in Sources */ = {isa = PBXBuildFile; fileRef = 105B970528FE572400E95B53 /* SignupViewController.swift */; };
		105B970828FE577B00E95B53 /* NoticeViewController.swift in Sources */ = {isa = PBXBuildFile; fileRef = 105B970728FE577B00E95B53 /* NoticeViewController.swift */; };
		105B970A28FE578700E95B53 /* Notice.storyboard in Resources */ = {isa = PBXBuildFile; fileRef = 105B970928FE578700E95B53 /* Notice.storyboard */; };
		105B971128FE61D900E95B53 /* TextFieldComponent.swift in Sources */ = {isa = PBXBuildFile; fileRef = 105B971028FE61D900E95B53 /* TextFieldComponent.swift */; };
		105B971528FE62DE00E95B53 /* TextFieldComponent.xib in Resources */ = {isa = PBXBuildFile; fileRef = 105B971428FE62DE00E95B53 /* TextFieldComponent.xib */; };
		105B971A28FE7BCD00E95B53 /* ButtonComponent.swift in Sources */ = {isa = PBXBuildFile; fileRef = 105B971928FE7BCD00E95B53 /* ButtonComponent.swift */; };
		105B971C28FE7BDD00E95B53 /* ButtonComponent.xib in Resources */ = {isa = PBXBuildFile; fileRef = 105B971B28FE7BDD00E95B53 /* ButtonComponent.xib */; };
		290E12E02918D19600823E82 /* ShowFolderMorePopUp.storyboard in Resources */ = {isa = PBXBuildFile; fileRef = 290E12DF2918D19600823E82 /* ShowFolderMorePopUp.storyboard */; };
		290E12E22918D7FE00823E82 /* ChangeFolderNamePopUp.storyboard in Resources */ = {isa = PBXBuildFile; fileRef = 290E12E12918D7FE00823E82 /* ChangeFolderNamePopUp.storyboard */; };
		290E12E42918DCC700823E82 /* AddLink.storyboard in Resources */ = {isa = PBXBuildFile; fileRef = 290E12E32918DCC700823E82 /* AddLink.storyboard */; };
		290E12E62918DCE200823E82 /* EditLink.storyboard in Resources */ = {isa = PBXBuildFile; fileRef = 290E12E52918DCE200823E82 /* EditLink.storyboard */; };
		291097632910E1FE00FAA8AB /* AddFolderPopUpViewController.swift in Sources */ = {isa = PBXBuildFile; fileRef = 291097622910E1FE00FAA8AB /* AddFolderPopUpViewController.swift */; };
		291CC3382911275C004592E4 /* Home.storyboard in Resources */ = {isa = PBXBuildFile; fileRef = 291CC3362911275C004592E4 /* Home.storyboard */; };
		291CC3392911275C004592E4 /* HomeViewController.swift in Sources */ = {isa = PBXBuildFile; fileRef = 291CC3372911275C004592E4 /* HomeViewController.swift */; };
		293F11DC29179E6900052456 /* ShareFolder.storyboard in Resources */ = {isa = PBXBuildFile; fileRef = 293F11DB29179E6900052456 /* ShareFolder.storyboard */; };
		293F11DE29179EC700052456 /* LinkList.storyboard in Resources */ = {isa = PBXBuildFile; fileRef = 293F11DD29179EC700052456 /* LinkList.storyboard */; };
		2964F6192918E66B0088D867 /* ShowLinkMorePopUp.storyboard in Resources */ = {isa = PBXBuildFile; fileRef = 2964F6182918E66B0088D867 /* ShowLinkMorePopUp.storyboard */; };
		2964F61B2918E6F00088D867 /* ShareLink.storyboard in Resources */ = {isa = PBXBuildFile; fileRef = 2964F61A2918E6F00088D867 /* ShareLink.storyboard */; };
		2964F61F2918EA560088D867 /* ShareLinkViewController.swift in Sources */ = {isa = PBXBuildFile; fileRef = 2964F61E2918EA560088D867 /* ShareLinkViewController.swift */; };
		2964F6212918EC500088D867 /* AddLinkFolder.storyboard in Resources */ = {isa = PBXBuildFile; fileRef = 2964F6202918EC500088D867 /* AddLinkFolder.storyboard */; };
		29658D1F2910A07700DFA491 /* Pretendard-Regular.otf in Resources */ = {isa = PBXBuildFile; fileRef = 29658D162910A07700DFA491 /* Pretendard-Regular.otf */; };
		29658D202910A07700DFA491 /* Pretendard-Black.otf in Resources */ = {isa = PBXBuildFile; fileRef = 29658D172910A07700DFA491 /* Pretendard-Black.otf */; };
		29658D212910A07700DFA491 /* Pretendard-Medium.otf in Resources */ = {isa = PBXBuildFile; fileRef = 29658D182910A07700DFA491 /* Pretendard-Medium.otf */; };
		29658D222910A07700DFA491 /* Pretendard-Light.otf in Resources */ = {isa = PBXBuildFile; fileRef = 29658D192910A07700DFA491 /* Pretendard-Light.otf */; };
		29658D232910A07700DFA491 /* Pretendard-ExtraBold.otf in Resources */ = {isa = PBXBuildFile; fileRef = 29658D1A2910A07700DFA491 /* Pretendard-ExtraBold.otf */; };
		29658D242910A07700DFA491 /* Pretendard-Bold.otf in Resources */ = {isa = PBXBuildFile; fileRef = 29658D1B2910A07700DFA491 /* Pretendard-Bold.otf */; };
		29658D252910A07700DFA491 /* Pretendard-Thin.otf in Resources */ = {isa = PBXBuildFile; fileRef = 29658D1C2910A07700DFA491 /* Pretendard-Thin.otf */; };
		29658D262910A07700DFA491 /* Pretendard-ExtraLight.otf in Resources */ = {isa = PBXBuildFile; fileRef = 29658D1D2910A07700DFA491 /* Pretendard-ExtraLight.otf */; };
		29658D272910A07700DFA491 /* Pretendard-SemiBold.otf in Resources */ = {isa = PBXBuildFile; fileRef = 29658D1E2910A07700DFA491 /* Pretendard-SemiBold.otf */; };
		29658D302910A20700DFA491 /* ProfileCollectionViewCell.xib in Resources */ = {isa = PBXBuildFile; fileRef = 29658D292910A20700DFA491 /* ProfileCollectionViewCell.xib */; };
		29658D312910A20700DFA491 /* ProfileCollectionViewCell.swift in Sources */ = {isa = PBXBuildFile; fileRef = 29658D2A2910A20700DFA491 /* ProfileCollectionViewCell.swift */; };
		29658D322910A20700DFA491 /* FolderCollectionViewCell.xib in Resources */ = {isa = PBXBuildFile; fileRef = 29658D2B2910A20700DFA491 /* FolderCollectionViewCell.xib */; };
		29658D332910A20700DFA491 /* CustomCollectionViewFlowLayout.swift in Sources */ = {isa = PBXBuildFile; fileRef = 29658D2C2910A20700DFA491 /* CustomCollectionViewFlowLayout.swift */; };
		29658D342910A20700DFA491 /* LinkListTableViewCell.xib in Resources */ = {isa = PBXBuildFile; fileRef = 29658D2D2910A20700DFA491 /* LinkListTableViewCell.xib */; };
		29658D352910A20700DFA491 /* LinkListTableViewCell.swift in Sources */ = {isa = PBXBuildFile; fileRef = 29658D2E2910A20700DFA491 /* LinkListTableViewCell.swift */; };
		29658D362910A20700DFA491 /* FolderCollectionViewCell.swift in Sources */ = {isa = PBXBuildFile; fileRef = 29658D2F2910A20700DFA491 /* FolderCollectionViewCell.swift */; };
		29658D3F2910A21B00DFA491 /* AddLinkViewController.swift in Sources */ = {isa = PBXBuildFile; fileRef = 29658D382910A21A00DFA491 /* AddLinkViewController.swift */; };
		29658D412910A21B00DFA491 /* EditLinkViewController.swift in Sources */ = {isa = PBXBuildFile; fileRef = 29658D3A2910A21A00DFA491 /* EditLinkViewController.swift */; };
		29658D422910A21B00DFA491 /* ShareFolderViewController.swift in Sources */ = {isa = PBXBuildFile; fileRef = 29658D3B2910A21A00DFA491 /* ShareFolderViewController.swift */; };
		298E42C52910ED25002EA69B /* ShareFolderTableViewCell.swift in Sources */ = {isa = PBXBuildFile; fileRef = 298E42C32910ED25002EA69B /* ShareFolderTableViewCell.swift */; };
		298E42C62910ED25002EA69B /* ShareFolderTableViewCell.xib in Resources */ = {isa = PBXBuildFile; fileRef = 298E42C42910ED25002EA69B /* ShareFolderTableViewCell.xib */; };
		298E42C82910F27B002EA69B /* LinkListViewController.swift in Sources */ = {isa = PBXBuildFile; fileRef = 298E42C72910F27B002EA69B /* LinkListViewController.swift */; };
		298E42CD2910F62B002EA69B /* ShowFolderMorePopUpViewController.swift in Sources */ = {isa = PBXBuildFile; fileRef = 298E42CC2910F62B002EA69B /* ShowFolderMorePopUpViewController.swift */; };
		298E42CF2910F68F002EA69B /* ChangeFolderNameViewController.swift in Sources */ = {isa = PBXBuildFile; fileRef = 298E42CE2910F68F002EA69B /* ChangeFolderNameViewController.swift */; };
		29CBFCBB291166DC003B0D3F /* ShowLinkMorePopUpViewController.swift in Sources */ = {isa = PBXBuildFile; fileRef = 29CBFCBA291166DC003B0D3F /* ShowLinkMorePopUpViewController.swift */; };
		CD42DFE210AA47613B2510A1 /* Pods_LinkFolder.framework in Frameworks */ = {isa = PBXBuildFile; fileRef = 0C675BD803A677F9DD770C2E /* Pods_LinkFolder.framework */; };
/* End PBXBuildFile section */

/* Begin PBXFileReference section */
		0C675BD803A677F9DD770C2E /* Pods_LinkFolder.framework */ = {isa = PBXFileReference; explicitFileType = wrapper.framework; includeInIndex = 0; path = Pods_LinkFolder.framework; sourceTree = BUILT_PRODUCTS_DIR; };
		102A367B292D0D9D0062D730 /* Consts.swift */ = {isa = PBXFileReference; lastKnownFileType = sourcecode.swift; path = Consts.swift; sourceTree = "<group>"; };
		102A3682292D112C0062D730 /* SignupRepository.swift */ = {isa = PBXFileReference; lastKnownFileType = sourcecode.swift; path = SignupRepository.swift; sourceTree = "<group>"; };
		102A3683292D112C0062D730 /* LoginRepository.swift */ = {isa = PBXFileReference; lastKnownFileType = sourcecode.swift; path = LoginRepository.swift; sourceTree = "<group>"; };
		102A3685292D11350062D730 /* SignupModel.swift */ = {isa = PBXFileReference; lastKnownFileType = sourcecode.swift; path = SignupModel.swift; sourceTree = "<group>"; };
		102A3686292D11350062D730 /* LoginModel.swift */ = {isa = PBXFileReference; lastKnownFileType = sourcecode.swift; path = LoginModel.swift; sourceTree = "<group>"; };
		102A368C292D99D80062D730 /* ProfileEditViewController.swift */ = {isa = PBXFileReference; lastKnownFileType = sourcecode.swift; path = ProfileEditViewController.swift; sourceTree = "<group>"; };
		102A368E292D9A020062D730 /* ProfileEdit.storyboard */ = {isa = PBXFileReference; lastKnownFileType = file.storyboard; path = ProfileEdit.storyboard; sourceTree = "<group>"; };
		105B96BC28FE547500E95B53 /* LinkFolder.app */ = {isa = PBXFileReference; explicitFileType = wrapper.application; includeInIndex = 0; path = LinkFolder.app; sourceTree = BUILT_PRODUCTS_DIR; };
		105B96BF28FE547500E95B53 /* AppDelegate.swift */ = {isa = PBXFileReference; lastKnownFileType = sourcecode.swift; path = AppDelegate.swift; sourceTree = "<group>"; };
		105B96C128FE547500E95B53 /* SceneDelegate.swift */ = {isa = PBXFileReference; lastKnownFileType = sourcecode.swift; path = SceneDelegate.swift; sourceTree = "<group>"; };
		105B96C328FE547500E95B53 /* ViewController.swift */ = {isa = PBXFileReference; lastKnownFileType = sourcecode.swift; path = ViewController.swift; sourceTree = "<group>"; };
		105B96C628FE547500E95B53 /* Base */ = {isa = PBXFileReference; lastKnownFileType = file.storyboard; name = Base; path = Base.lproj/Main.storyboard; sourceTree = "<group>"; };
		105B96C828FE547600E95B53 /* Assets.xcassets */ = {isa = PBXFileReference; lastKnownFileType = folder.assetcatalog; path = Assets.xcassets; sourceTree = "<group>"; };
		105B96CB28FE547600E95B53 /* Base */ = {isa = PBXFileReference; lastKnownFileType = file.storyboard; name = Base; path = Base.lproj/LaunchScreen.storyboard; sourceTree = "<group>"; };
		105B96CD28FE547600E95B53 /* Info.plist */ = {isa = PBXFileReference; lastKnownFileType = text.plist.xml; path = Info.plist; sourceTree = "<group>"; };
		105B96FB28FE565D00E95B53 /* Friends.storyboard */ = {isa = PBXFileReference; lastKnownFileType = file.storyboard; path = Friends.storyboard; sourceTree = "<group>"; };
		105B96FD28FE567200E95B53 /* FriendsViewController.swift */ = {isa = PBXFileReference; lastKnownFileType = sourcecode.swift; path = FriendsViewController.swift; sourceTree = "<group>"; };
		105B96FF28FE56E500E95B53 /* Login.storyboard */ = {isa = PBXFileReference; lastKnownFileType = file.storyboard; path = Login.storyboard; sourceTree = "<group>"; };
		105B970128FE56F600E95B53 /* LoginViewController.swift */ = {isa = PBXFileReference; lastKnownFileType = sourcecode.swift; path = LoginViewController.swift; sourceTree = "<group>"; };
		105B970328FE570400E95B53 /* Signup.storyboard */ = {isa = PBXFileReference; lastKnownFileType = file.storyboard; path = Signup.storyboard; sourceTree = "<group>"; };
		105B970528FE572400E95B53 /* SignupViewController.swift */ = {isa = PBXFileReference; lastKnownFileType = sourcecode.swift; path = SignupViewController.swift; sourceTree = "<group>"; };
		105B970728FE577B00E95B53 /* NoticeViewController.swift */ = {isa = PBXFileReference; lastKnownFileType = sourcecode.swift; path = NoticeViewController.swift; sourceTree = "<group>"; };
		105B970928FE578700E95B53 /* Notice.storyboard */ = {isa = PBXFileReference; lastKnownFileType = file.storyboard; path = Notice.storyboard; sourceTree = "<group>"; };
		105B971028FE61D900E95B53 /* TextFieldComponent.swift */ = {isa = PBXFileReference; lastKnownFileType = sourcecode.swift; path = TextFieldComponent.swift; sourceTree = "<group>"; };
		105B971428FE62DE00E95B53 /* TextFieldComponent.xib */ = {isa = PBXFileReference; lastKnownFileType = file.xib; path = TextFieldComponent.xib; sourceTree = "<group>"; };
		105B971928FE7BCD00E95B53 /* ButtonComponent.swift */ = {isa = PBXFileReference; lastKnownFileType = sourcecode.swift; path = ButtonComponent.swift; sourceTree = "<group>"; };
		105B971B28FE7BDD00E95B53 /* ButtonComponent.xib */ = {isa = PBXFileReference; lastKnownFileType = file.xib; path = ButtonComponent.xib; sourceTree = "<group>"; };
		1D2B43758504AC387214F311 /* Pods-LinkFolder.release.xcconfig */ = {isa = PBXFileReference; includeInIndex = 1; lastKnownFileType = text.xcconfig; name = "Pods-LinkFolder.release.xcconfig"; path = "Target Support Files/Pods-LinkFolder/Pods-LinkFolder.release.xcconfig"; sourceTree = "<group>"; };
		290E12DF2918D19600823E82 /* ShowFolderMorePopUp.storyboard */ = {isa = PBXFileReference; lastKnownFileType = file.storyboard; path = ShowFolderMorePopUp.storyboard; sourceTree = "<group>"; };
		290E12E12918D7FE00823E82 /* ChangeFolderNamePopUp.storyboard */ = {isa = PBXFileReference; lastKnownFileType = file.storyboard; path = ChangeFolderNamePopUp.storyboard; sourceTree = "<group>"; };
		290E12E32918DCC700823E82 /* AddLink.storyboard */ = {isa = PBXFileReference; lastKnownFileType = file.storyboard; path = AddLink.storyboard; sourceTree = "<group>"; };
		290E12E52918DCE200823E82 /* EditLink.storyboard */ = {isa = PBXFileReference; lastKnownFileType = file.storyboard; path = EditLink.storyboard; sourceTree = "<group>"; };
		291097622910E1FE00FAA8AB /* AddFolderPopUpViewController.swift */ = {isa = PBXFileReference; lastKnownFileType = sourcecode.swift; path = AddFolderPopUpViewController.swift; sourceTree = "<group>"; };
		291CC3362911275C004592E4 /* Home.storyboard */ = {isa = PBXFileReference; fileEncoding = 4; lastKnownFileType = file.storyboard; path = Home.storyboard; sourceTree = "<group>"; };
		291CC3372911275C004592E4 /* HomeViewController.swift */ = {isa = PBXFileReference; fileEncoding = 4; lastKnownFileType = sourcecode.swift; path = HomeViewController.swift; sourceTree = "<group>"; };
		293F11DB29179E6900052456 /* ShareFolder.storyboard */ = {isa = PBXFileReference; fileEncoding = 4; lastKnownFileType = file.storyboard; path = ShareFolder.storyboard; sourceTree = "<group>"; };
		293F11DD29179EC700052456 /* LinkList.storyboard */ = {isa = PBXFileReference; fileEncoding = 4; lastKnownFileType = file.storyboard; path = LinkList.storyboard; sourceTree = "<group>"; };
		2964F6182918E66B0088D867 /* ShowLinkMorePopUp.storyboard */ = {isa = PBXFileReference; lastKnownFileType = file.storyboard; path = ShowLinkMorePopUp.storyboard; sourceTree = "<group>"; };
		2964F61A2918E6F00088D867 /* ShareLink.storyboard */ = {isa = PBXFileReference; lastKnownFileType = file.storyboard; path = ShareLink.storyboard; sourceTree = "<group>"; };
		2964F61E2918EA560088D867 /* ShareLinkViewController.swift */ = {isa = PBXFileReference; lastKnownFileType = sourcecode.swift; path = ShareLinkViewController.swift; sourceTree = "<group>"; };
		2964F6202918EC500088D867 /* AddLinkFolder.storyboard */ = {isa = PBXFileReference; lastKnownFileType = file.storyboard; path = AddLinkFolder.storyboard; sourceTree = "<group>"; };
		29658D162910A07700DFA491 /* Pretendard-Regular.otf */ = {isa = PBXFileReference; lastKnownFileType = file; path = "Pretendard-Regular.otf"; sourceTree = "<group>"; };
		29658D172910A07700DFA491 /* Pretendard-Black.otf */ = {isa = PBXFileReference; lastKnownFileType = file; path = "Pretendard-Black.otf"; sourceTree = "<group>"; };
		29658D182910A07700DFA491 /* Pretendard-Medium.otf */ = {isa = PBXFileReference; lastKnownFileType = file; path = "Pretendard-Medium.otf"; sourceTree = "<group>"; };
		29658D192910A07700DFA491 /* Pretendard-Light.otf */ = {isa = PBXFileReference; lastKnownFileType = file; path = "Pretendard-Light.otf"; sourceTree = "<group>"; };
		29658D1A2910A07700DFA491 /* Pretendard-ExtraBold.otf */ = {isa = PBXFileReference; lastKnownFileType = file; path = "Pretendard-ExtraBold.otf"; sourceTree = "<group>"; };
		29658D1B2910A07700DFA491 /* Pretendard-Bold.otf */ = {isa = PBXFileReference; lastKnownFileType = file; path = "Pretendard-Bold.otf"; sourceTree = "<group>"; };
		29658D1C2910A07700DFA491 /* Pretendard-Thin.otf */ = {isa = PBXFileReference; lastKnownFileType = file; path = "Pretendard-Thin.otf"; sourceTree = "<group>"; };
		29658D1D2910A07700DFA491 /* Pretendard-ExtraLight.otf */ = {isa = PBXFileReference; lastKnownFileType = file; path = "Pretendard-ExtraLight.otf"; sourceTree = "<group>"; };
		29658D1E2910A07700DFA491 /* Pretendard-SemiBold.otf */ = {isa = PBXFileReference; lastKnownFileType = file; path = "Pretendard-SemiBold.otf"; sourceTree = "<group>"; };
		29658D292910A20700DFA491 /* ProfileCollectionViewCell.xib */ = {isa = PBXFileReference; fileEncoding = 4; lastKnownFileType = file.xib; path = ProfileCollectionViewCell.xib; sourceTree = "<group>"; };
		29658D2A2910A20700DFA491 /* ProfileCollectionViewCell.swift */ = {isa = PBXFileReference; fileEncoding = 4; lastKnownFileType = sourcecode.swift; path = ProfileCollectionViewCell.swift; sourceTree = "<group>"; };
		29658D2B2910A20700DFA491 /* FolderCollectionViewCell.xib */ = {isa = PBXFileReference; fileEncoding = 4; lastKnownFileType = file.xib; path = FolderCollectionViewCell.xib; sourceTree = "<group>"; };
		29658D2C2910A20700DFA491 /* CustomCollectionViewFlowLayout.swift */ = {isa = PBXFileReference; fileEncoding = 4; lastKnownFileType = sourcecode.swift; path = CustomCollectionViewFlowLayout.swift; sourceTree = "<group>"; };
		29658D2D2910A20700DFA491 /* LinkListTableViewCell.xib */ = {isa = PBXFileReference; fileEncoding = 4; lastKnownFileType = file.xib; path = LinkListTableViewCell.xib; sourceTree = "<group>"; };
		29658D2E2910A20700DFA491 /* LinkListTableViewCell.swift */ = {isa = PBXFileReference; fileEncoding = 4; lastKnownFileType = sourcecode.swift; path = LinkListTableViewCell.swift; sourceTree = "<group>"; };
		29658D2F2910A20700DFA491 /* FolderCollectionViewCell.swift */ = {isa = PBXFileReference; fileEncoding = 4; lastKnownFileType = sourcecode.swift; path = FolderCollectionViewCell.swift; sourceTree = "<group>"; };
		29658D382910A21A00DFA491 /* AddLinkViewController.swift */ = {isa = PBXFileReference; fileEncoding = 4; lastKnownFileType = sourcecode.swift; path = AddLinkViewController.swift; sourceTree = "<group>"; };
		29658D3A2910A21A00DFA491 /* EditLinkViewController.swift */ = {isa = PBXFileReference; fileEncoding = 4; lastKnownFileType = sourcecode.swift; path = EditLinkViewController.swift; sourceTree = "<group>"; };
		29658D3B2910A21A00DFA491 /* ShareFolderViewController.swift */ = {isa = PBXFileReference; fileEncoding = 4; lastKnownFileType = sourcecode.swift; path = ShareFolderViewController.swift; sourceTree = "<group>"; };
		298E42C32910ED25002EA69B /* ShareFolderTableViewCell.swift */ = {isa = PBXFileReference; lastKnownFileType = sourcecode.swift; path = ShareFolderTableViewCell.swift; sourceTree = "<group>"; };
		298E42C42910ED25002EA69B /* ShareFolderTableViewCell.xib */ = {isa = PBXFileReference; lastKnownFileType = file.xib; path = ShareFolderTableViewCell.xib; sourceTree = "<group>"; };
		298E42C72910F27B002EA69B /* LinkListViewController.swift */ = {isa = PBXFileReference; lastKnownFileType = sourcecode.swift; path = LinkListViewController.swift; sourceTree = "<group>"; };
		298E42CC2910F62B002EA69B /* ShowFolderMorePopUpViewController.swift */ = {isa = PBXFileReference; lastKnownFileType = sourcecode.swift; path = ShowFolderMorePopUpViewController.swift; sourceTree = "<group>"; };
		298E42CE2910F68F002EA69B /* ChangeFolderNameViewController.swift */ = {isa = PBXFileReference; lastKnownFileType = sourcecode.swift; path = ChangeFolderNameViewController.swift; sourceTree = "<group>"; };
		29CBFCBA291166DC003B0D3F /* ShowLinkMorePopUpViewController.swift */ = {isa = PBXFileReference; lastKnownFileType = sourcecode.swift; path = ShowLinkMorePopUpViewController.swift; sourceTree = "<group>"; };
		5A7DA9320ACA1AD904764689 /* Pods_LinkFolder_LinkFolderUITests.framework */ = {isa = PBXFileReference; explicitFileType = wrapper.framework; includeInIndex = 0; path = Pods_LinkFolder_LinkFolderUITests.framework; sourceTree = BUILT_PRODUCTS_DIR; };
		5AC481525C8AD0FD9F6F64FA /* Pods-LinkFolder.debug.xcconfig */ = {isa = PBXFileReference; includeInIndex = 1; lastKnownFileType = text.xcconfig; name = "Pods-LinkFolder.debug.xcconfig"; path = "Target Support Files/Pods-LinkFolder/Pods-LinkFolder.debug.xcconfig"; sourceTree = "<group>"; };
		A624F824F79FF8951F8B816C /* Pods_LinkFolderTests.framework */ = {isa = PBXFileReference; explicitFileType = wrapper.framework; includeInIndex = 0; path = Pods_LinkFolderTests.framework; sourceTree = BUILT_PRODUCTS_DIR; };
/* End PBXFileReference section */

/* Begin PBXFrameworksBuildPhase section */
		105B96B928FE547500E95B53 /* Frameworks */ = {
			isa = PBXFrameworksBuildPhase;
			buildActionMask = 2147483647;
			files = (
				CD42DFE210AA47613B2510A1 /* Pods_LinkFolder.framework in Frameworks */,
			);
			runOnlyForDeploymentPostprocessing = 0;
		};
/* End PBXFrameworksBuildPhase section */

/* Begin PBXGroup section */
		102A367A292D0D890062D730 /* Consts */ = {
			isa = PBXGroup;
			children = (
				102A367B292D0D9D0062D730 /* Consts.swift */,
			);
			path = Consts;
			sourceTree = "<group>";
		};
		102A3681292D112C0062D730 /* APIServices  */ = {
			isa = PBXGroup;
			children = (
				102A3682292D112C0062D730 /* SignupRepository.swift */,
				102A3683292D112C0062D730 /* LoginRepository.swift */,
			);
			path = "APIServices ";
			sourceTree = "<group>";
		};
		102A3684292D11350062D730 /* Models  */ = {
			isa = PBXGroup;
			children = (
				102A3685292D11350062D730 /* SignupModel.swift */,
				102A3686292D11350062D730 /* LoginModel.swift */,
			);
			path = "Models ";
			sourceTree = "<group>";
		};
		102A368B292D99BC0062D730 /* ProfileEdit */ = {
			isa = PBXGroup;
			children = (
				102A368C292D99D80062D730 /* ProfileEditViewController.swift */,
				102A368E292D9A020062D730 /* ProfileEdit.storyboard */,
			);
			path = ProfileEdit;
			sourceTree = "<group>";
		};
		105B96B328FE547500E95B53 = {
			isa = PBXGroup;
			children = (
				102A368B292D99BC0062D730 /* ProfileEdit */,
				102A367A292D0D890062D730 /* Consts */,
				29658D152910A07700DFA491 /* Fonts */,
				105B970D28FE5ECF00E95B53 /* Components */,
				102A3681292D112C0062D730 /* APIServices  */,
				102A3684292D11350062D730 /* Models  */,
				105B96BE28FE547500E95B53 /* LinkFolder */,
				105B96BD28FE547500E95B53 /* Products */,
				2CDB23B06B33250966777F83 /* Pods */,
				3CE8C84A226844BCE9ED2A3D /* Frameworks */,
			);
			sourceTree = "<group>";
		};
		105B96BD28FE547500E95B53 /* Products */ = {
			isa = PBXGroup;
			children = (
				105B96BC28FE547500E95B53 /* LinkFolder.app */,
			);
			name = Products;
			sourceTree = "<group>";
		};
		105B96BE28FE547500E95B53 /* LinkFolder */ = {
			isa = PBXGroup;
			children = (
				105B96F228FE550B00E95B53 /* OnBoarding */,
				105B96EF28FE54A200E95B53 /* Home */,
				105B96F328FE555200E95B53 /* Friends */,
				105B96F028FE54AF00E95B53 /* Notice */,
				105B96BF28FE547500E95B53 /* AppDelegate.swift */,
				105B96C128FE547500E95B53 /* SceneDelegate.swift */,
				105B96C328FE547500E95B53 /* ViewController.swift */,
				105B96C528FE547500E95B53 /* Main.storyboard */,
				105B96C828FE547600E95B53 /* Assets.xcassets */,
				105B96CA28FE547600E95B53 /* LaunchScreen.storyboard */,
				105B96CD28FE547600E95B53 /* Info.plist */,
			);
			path = LinkFolder;
			sourceTree = "<group>";
		};
		105B96EF28FE54A200E95B53 /* Home */ = {
			isa = PBXGroup;
			children = (
				293F11D529179DB600052456 /* Sources */,
				293F11D429179DB100052456 /* Resources */,
			);
			path = Home;
			sourceTree = "<group>";
		};
		105B96F028FE54AF00E95B53 /* Notice */ = {
			isa = PBXGroup;
			children = (
				105B970928FE578700E95B53 /* Notice.storyboard */,
				105B970728FE577B00E95B53 /* NoticeViewController.swift */,
			);
			path = Notice;
			sourceTree = "<group>";
		};
		105B96F228FE550B00E95B53 /* OnBoarding */ = {
			isa = PBXGroup;
			children = (
				105B96FF28FE56E500E95B53 /* Login.storyboard */,
				105B970128FE56F600E95B53 /* LoginViewController.swift */,
				105B970328FE570400E95B53 /* Signup.storyboard */,
				105B970528FE572400E95B53 /* SignupViewController.swift */,
			);
			path = OnBoarding;
			sourceTree = "<group>";
		};
		105B96F328FE555200E95B53 /* Friends */ = {
			isa = PBXGroup;
			children = (
				105B96FB28FE565D00E95B53 /* Friends.storyboard */,
				105B96FD28FE567200E95B53 /* FriendsViewController.swift */,
			);
			path = Friends;
			sourceTree = "<group>";
		};
		105B970D28FE5ECF00E95B53 /* Components */ = {
			isa = PBXGroup;
			children = (
				105B971028FE61D900E95B53 /* TextFieldComponent.swift */,
				105B971428FE62DE00E95B53 /* TextFieldComponent.xib */,
				105B971928FE7BCD00E95B53 /* ButtonComponent.swift */,
				105B971B28FE7BDD00E95B53 /* ButtonComponent.xib */,
			);
			path = Components;
			sourceTree = "<group>";
		};
		293F11D429179DB100052456 /* Resources */ = {
			isa = PBXGroup;
			children = (
				293F11DA29179DF800052456 /* APIServices */,
				293F11D929179DEF00052456 /* Storyboards */,
			);
			path = Resources;
			sourceTree = "<group>";
		};
		293F11D529179DB600052456 /* Sources */ = {
			isa = PBXGroup;
			children = (
				29658D282910A20700DFA491 /* Cells */,
				293F11D829179DC500052456 /* Models */,
				293F11D629179DBB00052456 /* VCs */,
			);
			path = Sources;
			sourceTree = "<group>";
		};
		293F11D629179DBB00052456 /* VCs */ = {
			isa = PBXGroup;
			children = (
				29658D382910A21A00DFA491 /* AddLinkViewController.swift */,
				29658D3A2910A21A00DFA491 /* EditLinkViewController.swift */,
				298E42CE2910F68F002EA69B /* ChangeFolderNameViewController.swift */,
				2964F61E2918EA560088D867 /* ShareLinkViewController.swift */,
				29CBFCBA291166DC003B0D3F /* ShowLinkMorePopUpViewController.swift */,
				291CC3372911275C004592E4 /* HomeViewController.swift */,
				291097622910E1FE00FAA8AB /* AddFolderPopUpViewController.swift */,
				298E42C72910F27B002EA69B /* LinkListViewController.swift */,
				29658D3B2910A21A00DFA491 /* ShareFolderViewController.swift */,
				298E42CC2910F62B002EA69B /* ShowFolderMorePopUpViewController.swift */,
			);
			path = VCs;
			sourceTree = "<group>";
		};
		293F11D829179DC500052456 /* Models */ = {
			isa = PBXGroup;
			children = (
			);
			path = Models;
			sourceTree = "<group>";
		};
		293F11D929179DEF00052456 /* Storyboards */ = {
			isa = PBXGroup;
			children = (
				291CC3362911275C004592E4 /* Home.storyboard */,
				293F11DD29179EC700052456 /* LinkList.storyboard */,
				293F11DB29179E6900052456 /* ShareFolder.storyboard */,
				290E12DF2918D19600823E82 /* ShowFolderMorePopUp.storyboard */,
				290E12E12918D7FE00823E82 /* ChangeFolderNamePopUp.storyboard */,
				290E12E32918DCC700823E82 /* AddLink.storyboard */,
				290E12E52918DCE200823E82 /* EditLink.storyboard */,
				2964F6182918E66B0088D867 /* ShowLinkMorePopUp.storyboard */,
				2964F61A2918E6F00088D867 /* ShareLink.storyboard */,
				2964F6202918EC500088D867 /* AddLinkFolder.storyboard */,
			);
			path = Storyboards;
			sourceTree = "<group>";
		};
		293F11DA29179DF800052456 /* APIServices */ = {
			isa = PBXGroup;
			children = (
			);
			path = APIServices;
			sourceTree = "<group>";
		};
		29658D152910A07700DFA491 /* Fonts */ = {
			isa = PBXGroup;
			children = (
				29658D162910A07700DFA491 /* Pretendard-Regular.otf */,
				29658D172910A07700DFA491 /* Pretendard-Black.otf */,
				29658D182910A07700DFA491 /* Pretendard-Medium.otf */,
				29658D192910A07700DFA491 /* Pretendard-Light.otf */,
				29658D1A2910A07700DFA491 /* Pretendard-ExtraBold.otf */,
				29658D1B2910A07700DFA491 /* Pretendard-Bold.otf */,
				29658D1C2910A07700DFA491 /* Pretendard-Thin.otf */,
				29658D1D2910A07700DFA491 /* Pretendard-ExtraLight.otf */,
				29658D1E2910A07700DFA491 /* Pretendard-SemiBold.otf */,
			);
			path = Fonts;
			sourceTree = "<group>";
		};
		29658D282910A20700DFA491 /* Cells */ = {
			isa = PBXGroup;
			children = (
				29658D292910A20700DFA491 /* ProfileCollectionViewCell.xib */,
				29658D2A2910A20700DFA491 /* ProfileCollectionViewCell.swift */,
				29658D2B2910A20700DFA491 /* FolderCollectionViewCell.xib */,
				29658D2C2910A20700DFA491 /* CustomCollectionViewFlowLayout.swift */,
				29658D2D2910A20700DFA491 /* LinkListTableViewCell.xib */,
				29658D2E2910A20700DFA491 /* LinkListTableViewCell.swift */,
				29658D2F2910A20700DFA491 /* FolderCollectionViewCell.swift */,
				298E42C32910ED25002EA69B /* ShareFolderTableViewCell.swift */,
				298E42C42910ED25002EA69B /* ShareFolderTableViewCell.xib */,
			);
			path = Cells;
			sourceTree = "<group>";
		};
		2CDB23B06B33250966777F83 /* Pods */ = {
			isa = PBXGroup;
			children = (
				5AC481525C8AD0FD9F6F64FA /* Pods-LinkFolder.debug.xcconfig */,
				1D2B43758504AC387214F311 /* Pods-LinkFolder.release.xcconfig */,
			);
			path = Pods;
			sourceTree = "<group>";
		};
		3CE8C84A226844BCE9ED2A3D /* Frameworks */ = {
			isa = PBXGroup;
			children = (
				0C675BD803A677F9DD770C2E /* Pods_LinkFolder.framework */,
				5A7DA9320ACA1AD904764689 /* Pods_LinkFolder_LinkFolderUITests.framework */,
				A624F824F79FF8951F8B816C /* Pods_LinkFolderTests.framework */,
			);
			name = Frameworks;
			sourceTree = "<group>";
		};
/* End PBXGroup section */

/* Begin PBXNativeTarget section */
		105B96BB28FE547500E95B53 /* LinkFolder */ = {
			isa = PBXNativeTarget;
			buildConfigurationList = 105B96E628FE547600E95B53 /* Build configuration list for PBXNativeTarget "LinkFolder" */;
			buildPhases = (
				9F5B3AA0BE5A488058623BDA /* [CP] Check Pods Manifest.lock */,
				105B96B828FE547500E95B53 /* Sources */,
				105B96B928FE547500E95B53 /* Frameworks */,
				105B96BA28FE547500E95B53 /* Resources */,
				DE52732541D5458911F3212B /* [CP] Embed Pods Frameworks */,
			);
			buildRules = (
			);
			dependencies = (
			);
			name = LinkFolder;
			productName = LinkFolder;
			productReference = 105B96BC28FE547500E95B53 /* LinkFolder.app */;
			productType = "com.apple.product-type.application";
		};
/* End PBXNativeTarget section */

/* Begin PBXProject section */
		105B96B428FE547500E95B53 /* Project object */ = {
			isa = PBXProject;
			attributes = {
				BuildIndependentTargetsInParallel = 1;
				LastSwiftUpdateCheck = 1400;
				LastUpgradeCheck = 1400;
				TargetAttributes = {
					105B96BB28FE547500E95B53 = {
						CreatedOnToolsVersion = 14.0;
					};
				};
			};
			buildConfigurationList = 105B96B728FE547500E95B53 /* Build configuration list for PBXProject "LinkFolder" */;
			compatibilityVersion = "Xcode 13.0";
			developmentRegion = en;
			hasScannedForEncodings = 0;
			knownRegions = (
				en,
				Base,
			);
			mainGroup = 105B96B328FE547500E95B53;
			productRefGroup = 105B96BD28FE547500E95B53 /* Products */;
			projectDirPath = "";
			projectRoot = "";
			targets = (
				105B96BB28FE547500E95B53 /* LinkFolder */,
			);
		};
/* End PBXProject section */

/* Begin PBXResourcesBuildPhase section */
		105B96BA28FE547500E95B53 /* Resources */ = {
			isa = PBXResourcesBuildPhase;
			buildActionMask = 2147483647;
			files = (
				290E12E42918DCC700823E82 /* AddLink.storyboard in Resources */,
				29658D262910A07700DFA491 /* Pretendard-ExtraLight.otf in Resources */,
				2964F6212918EC500088D867 /* AddLinkFolder.storyboard in Resources */,
				29658D232910A07700DFA491 /* Pretendard-ExtraBold.otf in Resources */,
				293F11DE29179EC700052456 /* LinkList.storyboard in Resources */,
				29658D222910A07700DFA491 /* Pretendard-Light.otf in Resources */,
				29658D342910A20700DFA491 /* LinkListTableViewCell.xib in Resources */,
				293F11DC29179E6900052456 /* ShareFolder.storyboard in Resources */,
				105B96CC28FE547600E95B53 /* LaunchScreen.storyboard in Resources */,
				29658D242910A07700DFA491 /* Pretendard-Bold.otf in Resources */,
				105B96FC28FE565D00E95B53 /* Friends.storyboard in Resources */,
				105B970A28FE578700E95B53 /* Notice.storyboard in Resources */,
				290E12E62918DCE200823E82 /* EditLink.storyboard in Resources */,
				105B970428FE570400E95B53 /* Signup.storyboard in Resources */,
				105B970028FE56E500E95B53 /* Login.storyboard in Resources */,
				105B971528FE62DE00E95B53 /* TextFieldComponent.xib in Resources */,
				290E12E22918D7FE00823E82 /* ChangeFolderNamePopUp.storyboard in Resources */,
				105B96C928FE547600E95B53 /* Assets.xcassets in Resources */,
				105B971C28FE7BDD00E95B53 /* ButtonComponent.xib in Resources */,
				105B96C728FE547500E95B53 /* Main.storyboard in Resources */,
				29658D1F2910A07700DFA491 /* Pretendard-Regular.otf in Resources */,
				290E12E02918D19600823E82 /* ShowFolderMorePopUp.storyboard in Resources */,
				29658D302910A20700DFA491 /* ProfileCollectionViewCell.xib in Resources */,
				29658D322910A20700DFA491 /* FolderCollectionViewCell.xib in Resources */,
				2964F61B2918E6F00088D867 /* ShareLink.storyboard in Resources */,
				2964F6192918E66B0088D867 /* ShowLinkMorePopUp.storyboard in Resources */,
				29658D272910A07700DFA491 /* Pretendard-SemiBold.otf in Resources */,
				29658D202910A07700DFA491 /* Pretendard-Black.otf in Resources */,
				29658D252910A07700DFA491 /* Pretendard-Thin.otf in Resources */,
				102A368F292D9A020062D730 /* ProfileEdit.storyboard in Resources */,
				298E42C62910ED25002EA69B /* ShareFolderTableViewCell.xib in Resources */,
				291CC3382911275C004592E4 /* Home.storyboard in Resources */,
				29658D212910A07700DFA491 /* Pretendard-Medium.otf in Resources */,
			);
			runOnlyForDeploymentPostprocessing = 0;
		};
/* End PBXResourcesBuildPhase section */

/* Begin PBXShellScriptBuildPhase section */
		9F5B3AA0BE5A488058623BDA /* [CP] Check Pods Manifest.lock */ = {
			isa = PBXShellScriptBuildPhase;
			buildActionMask = 2147483647;
			files = (
			);
			inputFileListPaths = (
			);
			inputPaths = (
				"${PODS_PODFILE_DIR_PATH}/Podfile.lock",
				"${PODS_ROOT}/Manifest.lock",
			);
			name = "[CP] Check Pods Manifest.lock";
			outputFileListPaths = (
			);
			outputPaths = (
				"$(DERIVED_FILE_DIR)/Pods-LinkFolder-checkManifestLockResult.txt",
			);
			runOnlyForDeploymentPostprocessing = 0;
			shellPath = /bin/sh;
			shellScript = "diff \"${PODS_PODFILE_DIR_PATH}/Podfile.lock\" \"${PODS_ROOT}/Manifest.lock\" > /dev/null\nif [ $? != 0 ] ; then\n    # print error to STDERR\n    echo \"error: The sandbox is not in sync with the Podfile.lock. Run 'pod install' or update your CocoaPods installation.\" >&2\n    exit 1\nfi\n# This output is used by Xcode 'outputs' to avoid re-running this script phase.\necho \"SUCCESS\" > \"${SCRIPT_OUTPUT_FILE_0}\"\n";
			showEnvVarsInLog = 0;
		};
		DE52732541D5458911F3212B /* [CP] Embed Pods Frameworks */ = {
			isa = PBXShellScriptBuildPhase;
			buildActionMask = 2147483647;
			files = (
			);
			inputFileListPaths = (
				"${PODS_ROOT}/Target Support Files/Pods-LinkFolder/Pods-LinkFolder-frameworks-${CONFIGURATION}-input-files.xcfilelist",
			);
			name = "[CP] Embed Pods Frameworks";
			outputFileListPaths = (
				"${PODS_ROOT}/Target Support Files/Pods-LinkFolder/Pods-LinkFolder-frameworks-${CONFIGURATION}-output-files.xcfilelist",
			);
			runOnlyForDeploymentPostprocessing = 0;
			shellPath = /bin/sh;
			shellScript = "\"${PODS_ROOT}/Target Support Files/Pods-LinkFolder/Pods-LinkFolder-frameworks.sh\"\n";
			showEnvVarsInLog = 0;
		};
/* End PBXShellScriptBuildPhase section */

/* Begin PBXSourcesBuildPhase section */
		105B96B828FE547500E95B53 /* Sources */ = {
			isa = PBXSourcesBuildPhase;
			buildActionMask = 2147483647;
			files = (
				291097632910E1FE00FAA8AB /* AddFolderPopUpViewController.swift in Sources */,
				102A3687292D129D0062D730 /* LoginRepository.swift in Sources */,
				105B970628FE572400E95B53 /* SignupViewController.swift in Sources */,
				105B971A28FE7BCD00E95B53 /* ButtonComponent.swift in Sources */,
				105B970228FE56F600E95B53 /* LoginViewController.swift in Sources */,
				102A3688292D12A10062D730 /* SignupRepository.swift in Sources */,
				29658D312910A20700DFA491 /* ProfileCollectionViewCell.swift in Sources */,
				291CC3392911275C004592E4 /* HomeViewController.swift in Sources */,
				298E42C82910F27B002EA69B /* LinkListViewController.swift in Sources */,
				105B96C428FE547500E95B53 /* ViewController.swift in Sources */,
				298E42CF2910F68F002EA69B /* ChangeFolderNameViewController.swift in Sources */,
				29658D352910A20700DFA491 /* LinkListTableViewCell.swift in Sources */,
				29658D422910A21B00DFA491 /* ShareFolderViewController.swift in Sources */,
				298E42CD2910F62B002EA69B /* ShowFolderMorePopUpViewController.swift in Sources */,
				29658D3F2910A21B00DFA491 /* AddLinkViewController.swift in Sources */,
				105B96FE28FE567200E95B53 /* FriendsViewController.swift in Sources */,
				102A368D292D99D80062D730 /* ProfileEditViewController.swift in Sources */,
				29658D412910A21B00DFA491 /* EditLinkViewController.swift in Sources */,
				105B96C028FE547500E95B53 /* AppDelegate.swift in Sources */,
				102A367C292D0D9D0062D730 /* Consts.swift in Sources */,
				102A3689292D12A60062D730 /* SignupModel.swift in Sources */,
				2964F61F2918EA560088D867 /* ShareLinkViewController.swift in Sources */,
				29658D332910A20700DFA491 /* CustomCollectionViewFlowLayout.swift in Sources */,
				105B96C228FE547500E95B53 /* SceneDelegate.swift in Sources */,
				102A368A292D12AB0062D730 /* LoginModel.swift in Sources */,
				298E42C52910ED25002EA69B /* ShareFolderTableViewCell.swift in Sources */,
				29658D362910A20700DFA491 /* FolderCollectionViewCell.swift in Sources */,
				105B970828FE577B00E95B53 /* NoticeViewController.swift in Sources */,
				105B971128FE61D900E95B53 /* TextFieldComponent.swift in Sources */,
				29CBFCBB291166DC003B0D3F /* ShowLinkMorePopUpViewController.swift in Sources */,
			);
			runOnlyForDeploymentPostprocessing = 0;
		};
/* End PBXSourcesBuildPhase section */

/* Begin PBXVariantGroup section */
		105B96C528FE547500E95B53 /* Main.storyboard */ = {
			isa = PBXVariantGroup;
			children = (
				105B96C628FE547500E95B53 /* Base */,
			);
			name = Main.storyboard;
			sourceTree = "<group>";
		};
		105B96CA28FE547600E95B53 /* LaunchScreen.storyboard */ = {
			isa = PBXVariantGroup;
			children = (
				105B96CB28FE547600E95B53 /* Base */,
			);
			name = LaunchScreen.storyboard;
			sourceTree = "<group>";
		};
/* End PBXVariantGroup section */

/* Begin XCBuildConfiguration section */
		105B96E428FE547600E95B53 /* Debug */ = {
			isa = XCBuildConfiguration;
			buildSettings = {
				ALWAYS_SEARCH_USER_PATHS = NO;
				CLANG_ANALYZER_NONNULL = YES;
				CLANG_ANALYZER_NUMBER_OBJECT_CONVERSION = YES_AGGRESSIVE;
				CLANG_CXX_LANGUAGE_STANDARD = "gnu++20";
				CLANG_ENABLE_MODULES = YES;
				CLANG_ENABLE_OBJC_ARC = YES;
				CLANG_ENABLE_OBJC_WEAK = YES;
				CLANG_WARN_BLOCK_CAPTURE_AUTORELEASING = YES;
				CLANG_WARN_BOOL_CONVERSION = YES;
				CLANG_WARN_COMMA = YES;
				CLANG_WARN_CONSTANT_CONVERSION = YES;
				CLANG_WARN_DEPRECATED_OBJC_IMPLEMENTATIONS = YES;
				CLANG_WARN_DIRECT_OBJC_ISA_USAGE = YES_ERROR;
				CLANG_WARN_DOCUMENTATION_COMMENTS = YES;
				CLANG_WARN_EMPTY_BODY = YES;
				CLANG_WARN_ENUM_CONVERSION = YES;
				CLANG_WARN_INFINITE_RECURSION = YES;
				CLANG_WARN_INT_CONVERSION = YES;
				CLANG_WARN_NON_LITERAL_NULL_CONVERSION = YES;
				CLANG_WARN_OBJC_IMPLICIT_RETAIN_SELF = YES;
				CLANG_WARN_OBJC_LITERAL_CONVERSION = YES;
				CLANG_WARN_OBJC_ROOT_CLASS = YES_ERROR;
				CLANG_WARN_QUOTED_INCLUDE_IN_FRAMEWORK_HEADER = YES;
				CLANG_WARN_RANGE_LOOP_ANALYSIS = YES;
				CLANG_WARN_STRICT_PROTOTYPES = YES;
				CLANG_WARN_SUSPICIOUS_MOVE = YES;
				CLANG_WARN_UNGUARDED_AVAILABILITY = YES_AGGRESSIVE;
				CLANG_WARN_UNREACHABLE_CODE = YES;
				CLANG_WARN__DUPLICATE_METHOD_MATCH = YES;
				COPY_PHASE_STRIP = NO;
				DEBUG_INFORMATION_FORMAT = dwarf;
				ENABLE_STRICT_OBJC_MSGSEND = YES;
				ENABLE_TESTABILITY = YES;
				GCC_C_LANGUAGE_STANDARD = gnu11;
				GCC_DYNAMIC_NO_PIC = NO;
				GCC_NO_COMMON_BLOCKS = YES;
				GCC_OPTIMIZATION_LEVEL = 0;
				GCC_PREPROCESSOR_DEFINITIONS = (
					"DEBUG=1",
					"$(inherited)",
				);
				GCC_WARN_64_TO_32_BIT_CONVERSION = YES;
				GCC_WARN_ABOUT_RETURN_TYPE = YES_ERROR;
				GCC_WARN_UNDECLARED_SELECTOR = YES;
				GCC_WARN_UNINITIALIZED_AUTOS = YES_AGGRESSIVE;
				GCC_WARN_UNUSED_FUNCTION = YES;
				GCC_WARN_UNUSED_VARIABLE = YES;
				IPHONEOS_DEPLOYMENT_TARGET = 16.0;
				MTL_ENABLE_DEBUG_INFO = INCLUDE_SOURCE;
				MTL_FAST_MATH = YES;
				ONLY_ACTIVE_ARCH = YES;
				SDKROOT = iphoneos;
				SWIFT_ACTIVE_COMPILATION_CONDITIONS = DEBUG;
				SWIFT_OPTIMIZATION_LEVEL = "-Onone";
			};
			name = Debug;
		};
		105B96E528FE547600E95B53 /* Release */ = {
			isa = XCBuildConfiguration;
			buildSettings = {
				ALWAYS_SEARCH_USER_PATHS = NO;
				CLANG_ANALYZER_NONNULL = YES;
				CLANG_ANALYZER_NUMBER_OBJECT_CONVERSION = YES_AGGRESSIVE;
				CLANG_CXX_LANGUAGE_STANDARD = "gnu++20";
				CLANG_ENABLE_MODULES = YES;
				CLANG_ENABLE_OBJC_ARC = YES;
				CLANG_ENABLE_OBJC_WEAK = YES;
				CLANG_WARN_BLOCK_CAPTURE_AUTORELEASING = YES;
				CLANG_WARN_BOOL_CONVERSION = YES;
				CLANG_WARN_COMMA = YES;
				CLANG_WARN_CONSTANT_CONVERSION = YES;
				CLANG_WARN_DEPRECATED_OBJC_IMPLEMENTATIONS = YES;
				CLANG_WARN_DIRECT_OBJC_ISA_USAGE = YES_ERROR;
				CLANG_WARN_DOCUMENTATION_COMMENTS = YES;
				CLANG_WARN_EMPTY_BODY = YES;
				CLANG_WARN_ENUM_CONVERSION = YES;
				CLANG_WARN_INFINITE_RECURSION = YES;
				CLANG_WARN_INT_CONVERSION = YES;
				CLANG_WARN_NON_LITERAL_NULL_CONVERSION = YES;
				CLANG_WARN_OBJC_IMPLICIT_RETAIN_SELF = YES;
				CLANG_WARN_OBJC_LITERAL_CONVERSION = YES;
				CLANG_WARN_OBJC_ROOT_CLASS = YES_ERROR;
				CLANG_WARN_QUOTED_INCLUDE_IN_FRAMEWORK_HEADER = YES;
				CLANG_WARN_RANGE_LOOP_ANALYSIS = YES;
				CLANG_WARN_STRICT_PROTOTYPES = YES;
				CLANG_WARN_SUSPICIOUS_MOVE = YES;
				CLANG_WARN_UNGUARDED_AVAILABILITY = YES_AGGRESSIVE;
				CLANG_WARN_UNREACHABLE_CODE = YES;
				CLANG_WARN__DUPLICATE_METHOD_MATCH = YES;
				COPY_PHASE_STRIP = NO;
				DEBUG_INFORMATION_FORMAT = "dwarf-with-dsym";
				ENABLE_NS_ASSERTIONS = NO;
				ENABLE_STRICT_OBJC_MSGSEND = YES;
				GCC_C_LANGUAGE_STANDARD = gnu11;
				GCC_NO_COMMON_BLOCKS = YES;
				GCC_WARN_64_TO_32_BIT_CONVERSION = YES;
				GCC_WARN_ABOUT_RETURN_TYPE = YES_ERROR;
				GCC_WARN_UNDECLARED_SELECTOR = YES;
				GCC_WARN_UNINITIALIZED_AUTOS = YES_AGGRESSIVE;
				GCC_WARN_UNUSED_FUNCTION = YES;
				GCC_WARN_UNUSED_VARIABLE = YES;
				IPHONEOS_DEPLOYMENT_TARGET = 16.0;
				MTL_ENABLE_DEBUG_INFO = NO;
				MTL_FAST_MATH = YES;
				SDKROOT = iphoneos;
				SWIFT_COMPILATION_MODE = wholemodule;
				SWIFT_OPTIMIZATION_LEVEL = "-O";
				VALIDATE_PRODUCT = YES;
			};
			name = Release;
		};
		105B96E728FE547600E95B53 /* Debug */ = {
			isa = XCBuildConfiguration;
			baseConfigurationReference = 5AC481525C8AD0FD9F6F64FA /* Pods-LinkFolder.debug.xcconfig */;
			buildSettings = {
				ASSETCATALOG_COMPILER_APPICON_NAME = AppIcon;
				ASSETCATALOG_COMPILER_GLOBAL_ACCENT_COLOR_NAME = AccentColor;
				CODE_SIGN_STYLE = Automatic;
				CURRENT_PROJECT_VERSION = 1;
				DEVELOPMENT_TEAM = FL466Y6686;
				GENERATE_INFOPLIST_FILE = YES;
				INFOPLIST_FILE = LinkFolder/Info.plist;
				INFOPLIST_KEY_UIApplicationSupportsIndirectInputEvents = YES;
				INFOPLIST_KEY_UILaunchStoryboardName = LaunchScreen;
				INFOPLIST_KEY_UIMainStoryboardFile = Main;
				INFOPLIST_KEY_UISupportedInterfaceOrientations_iPad = "UIInterfaceOrientationPortrait UIInterfaceOrientationPortraitUpsideDown UIInterfaceOrientationLandscapeLeft UIInterfaceOrientationLandscapeRight";
				INFOPLIST_KEY_UISupportedInterfaceOrientations_iPhone = "UIInterfaceOrientationPortrait UIInterfaceOrientationLandscapeLeft UIInterfaceOrientationLandscapeRight";
				LD_RUNPATH_SEARCH_PATHS = (
					"$(inherited)",
					"@executable_path/Frameworks",
				);
				MARKETING_VERSION = 1.0;
				PRODUCT_BUNDLE_IDENTIFIER = linkfolder.LinkFolder;
				PRODUCT_NAME = "$(TARGET_NAME)";
				SWIFT_EMIT_LOC_STRINGS = YES;
				SWIFT_VERSION = 5.0;
				TARGETED_DEVICE_FAMILY = "1,2";
			};
			name = Debug;
		};
		105B96E828FE547600E95B53 /* Release */ = {
			isa = XCBuildConfiguration;
			baseConfigurationReference = 1D2B43758504AC387214F311 /* Pods-LinkFolder.release.xcconfig */;
			buildSettings = {
				ASSETCATALOG_COMPILER_APPICON_NAME = AppIcon;
				ASSETCATALOG_COMPILER_GLOBAL_ACCENT_COLOR_NAME = AccentColor;
				CODE_SIGN_STYLE = Automatic;
				CURRENT_PROJECT_VERSION = 1;
				DEVELOPMENT_TEAM = FL466Y6686;
				GENERATE_INFOPLIST_FILE = YES;
				INFOPLIST_FILE = LinkFolder/Info.plist;
				INFOPLIST_KEY_UIApplicationSupportsIndirectInputEvents = YES;
				INFOPLIST_KEY_UILaunchStoryboardName = LaunchScreen;
				INFOPLIST_KEY_UIMainStoryboardFile = Main;
				INFOPLIST_KEY_UISupportedInterfaceOrientations_iPad = "UIInterfaceOrientationPortrait UIInterfaceOrientationPortraitUpsideDown UIInterfaceOrientationLandscapeLeft UIInterfaceOrientationLandscapeRight";
				INFOPLIST_KEY_UISupportedInterfaceOrientations_iPhone = "UIInterfaceOrientationPortrait UIInterfaceOrientationLandscapeLeft UIInterfaceOrientationLandscapeRight";
				LD_RUNPATH_SEARCH_PATHS = (
					"$(inherited)",
					"@executable_path/Frameworks",
				);
				MARKETING_VERSION = 1.0;
				PRODUCT_BUNDLE_IDENTIFIER = linkfolder.LinkFolder;
				PRODUCT_NAME = "$(TARGET_NAME)";
				SWIFT_EMIT_LOC_STRINGS = YES;
				SWIFT_VERSION = 5.0;
				TARGETED_DEVICE_FAMILY = "1,2";
			};
			name = Release;
		};
/* End XCBuildConfiguration section */

/* Begin XCConfigurationList section */
		105B96B728FE547500E95B53 /* Build configuration list for PBXProject "LinkFolder" */ = {
			isa = XCConfigurationList;
			buildConfigurations = (
				105B96E428FE547600E95B53 /* Debug */,
				105B96E528FE547600E95B53 /* Release */,
			);
			defaultConfigurationIsVisible = 0;
			defaultConfigurationName = Release;
		};
		105B96E628FE547600E95B53 /* Build configuration list for PBXNativeTarget "LinkFolder" */ = {
			isa = XCConfigurationList;
			buildConfigurations = (
				105B96E728FE547600E95B53 /* Debug */,
				105B96E828FE547600E95B53 /* Release */,
			);
			defaultConfigurationIsVisible = 0;
			defaultConfigurationName = Release;
		};
/* End XCConfigurationList section */
	};
	rootObject = 105B96B428FE547500E95B53 /* Project object */;
}
